// !$*UTF8*$!
{
	archiveVersion = 1;
	classes = {
	};
	objectVersion = 46;
	objects = {

/* Begin PBXBuildFile section */
		C302AE491D3FFC71007AFB66 /* SampleNotificationService.entitlements in Resources */ = {isa = PBXBuildFile; fileRef = C3B2A2B21D2593A600286475 /* SampleNotificationService.entitlements */; };
		C314BF9C1FAD211C00F363C6 /* MailDelegate.m in Sources */ = {isa = PBXBuildFile; fileRef = C314BF9B1FAD211B00F363C6 /* MailDelegate.m */; };
		C317F74F1B41FF1B00962B55 /* MceConfig.json in Resources */ = {isa = PBXBuildFile; fileRef = C317F74E1B41FF1B00962B55 /* MceConfig.json */; };
		C31827041B71257B00D497A2 /* richnotification.xcdatamodel in Sources */ = {isa = PBXBuildFile; fileRef = C31827031B71257B00D497A2 /* richnotification.xcdatamodel */; };
		C31AAD5F1D25CA4000A8F6BD /* NotificationService.m in Sources */ = {isa = PBXBuildFile; fileRef = C3B2A29A1D245B4E00286475 /* NotificationService.m */; };
		C32FC4111B44A5590035CAB8 /* InAppVC.m in Sources */ = {isa = PBXBuildFile; fileRef = C32FC40F1B44A5590035CAB8 /* InAppVC.m */; };
		C335717C1B3B6461003E0A7A /* MCEInboxDefaultTemplate.m in Sources */ = {isa = PBXBuildFile; fileRef = C33571671B3B6461003E0A7A /* MCEInboxDefaultTemplate.m */; };
		C335717D1B3B6461003E0A7A /* MCEInboxDefaultTemplateCell.m in Sources */ = {isa = PBXBuildFile; fileRef = C33571691B3B6461003E0A7A /* MCEInboxDefaultTemplateCell.m */; };
		C335717E1B3B6461003E0A7A /* MCEInboxDefaultTemplateCell.xib in Resources */ = {isa = PBXBuildFile; fileRef = C335716A1B3B6461003E0A7A /* MCEInboxDefaultTemplateCell.xib */; };
		C335717F1B3B6461003E0A7A /* MCEInboxDefaultTemplateDisplay.m in Sources */ = {isa = PBXBuildFile; fileRef = C335716C1B3B6461003E0A7A /* MCEInboxDefaultTemplateDisplay.m */; };
		C33571801B3B6461003E0A7A /* MCEInboxDefaultTemplateDisplay.xib in Resources */ = {isa = PBXBuildFile; fileRef = C335716D1B3B6461003E0A7A /* MCEInboxDefaultTemplateDisplay.xib */; };
		C33571811B3B6461003E0A7A /* MCEInboxActionPlugin.m in Sources */ = {isa = PBXBuildFile; fileRef = C335716F1B3B6461003E0A7A /* MCEInboxActionPlugin.m */; };
		C336C1101F3E08D800C33D40 /* ExamplePlugin.m in Sources */ = {isa = PBXBuildFile; fileRef = C336C10D1F3E08D800C33D40 /* ExamplePlugin.m */; };
		C336C1111F3E08D800C33D40 /* ExampleViewController.m in Sources */ = {isa = PBXBuildFile; fileRef = C336C10F1F3E08D800C33D40 /* ExampleViewController.m */; };
		C3462B431E92AC35000AAB41 /* CoreBluetooth.framework in Frameworks */ = {isa = PBXBuildFile; fileRef = C3462B421E92AC35000AAB41 /* CoreBluetooth.framework */; };
		C3462B471E92AD44000AAB41 /* SystemConfiguration.framework in Frameworks */ = {isa = PBXBuildFile; fileRef = C3462B461E92AD44000AAB41 /* SystemConfiguration.framework */; };
		C34E052B1B740D4500376671 /* MCEInboxTableViewController.m in Sources */ = {isa = PBXBuildFile; fileRef = C34E052A1B740D4500376671 /* MCEInboxTableViewController.m */; };
		C353D2091FAA815800E926AD /* MceConfig.json in Resources */ = {isa = PBXBuildFile; fileRef = C317F74E1B41FF1B00962B55 /* MceConfig.json */; };
		C353D20A1FAA815800E926AD /* MceConfig.json in Resources */ = {isa = PBXBuildFile; fileRef = C317F74E1B41FF1B00962B55 /* MceConfig.json */; };
		C35C1E7F1D70ABFB00BAB781 /* GeofenceVC.m in Sources */ = {isa = PBXBuildFile; fileRef = C35C1E7E1D70ABFB00BAB781 /* GeofenceVC.m */; };
		C35C86981B45D71F00C07ABB /* MCEInAppBannerTemplate.m in Sources */ = {isa = PBXBuildFile; fileRef = C35C86951B45D71F00C07ABB /* MCEInAppBannerTemplate.m */; };
		C35C86991B45D71F00C07ABB /* MCEInAppBannerTemplate.xib in Resources */ = {isa = PBXBuildFile; fileRef = C35C86961B45D71F00C07ABB /* MCEInAppBannerTemplate.xib */; };
		C35C869A1B45D71F00C07ABB /* Mini Images.xcassets in Resources */ = {isa = PBXBuildFile; fileRef = C35C86971B45D71F00C07ABB /* Mini Images.xcassets */; };
		C35F70831C654DE500070DB6 /* MCEInboxPostTemplate.m in Sources */ = {isa = PBXBuildFile; fileRef = C35F70731C654DE500070DB6 /* MCEInboxPostTemplate.m */; };
		C35F70841C654DE500070DB6 /* MCEInboxPostTemplateCell.m in Sources */ = {isa = PBXBuildFile; fileRef = C35F70751C654DE500070DB6 /* MCEInboxPostTemplateCell.m */; };
		C35F70851C654DE500070DB6 /* MCEInboxPostTemplateCell.xib in Resources */ = {isa = PBXBuildFile; fileRef = C35F70761C654DE500070DB6 /* MCEInboxPostTemplateCell.xib */; };
		C35F70861C654DE500070DB6 /* MCEInboxPostTemplateDisplay.m in Sources */ = {isa = PBXBuildFile; fileRef = C35F70781C654DE500070DB6 /* MCEInboxPostTemplateDisplay.m */; };
		C35F70871C654DE500070DB6 /* MCEInboxPostTemplateDisplay.xib in Resources */ = {isa = PBXBuildFile; fileRef = C35F70791C654DE500070DB6 /* MCEInboxPostTemplateDisplay.xib */; };
		C35F70881C654DE500070DB6 /* MCEInboxPostTemplateImage.m in Sources */ = {isa = PBXBuildFile; fileRef = C35F707B1C654DE500070DB6 /* MCEInboxPostTemplateImage.m */; };
		C35F70891C654DE500070DB6 /* MCEInboxPostTemplateImage.xib in Resources */ = {isa = PBXBuildFile; fileRef = C35F707C1C654DE500070DB6 /* MCEInboxPostTemplateImage.xib */; };
		C35F708A1C654DE500070DB6 /* MCEInboxPostTemplateVideoPlayerView.m in Sources */ = {isa = PBXBuildFile; fileRef = C35F707E1C654DE500070DB6 /* MCEInboxPostTemplateVideoPlayerView.m */; };
		C35F708B1C654DE500070DB6 /* MCEInboxPostTemplateView.m in Sources */ = {isa = PBXBuildFile; fileRef = C35F70801C654DE500070DB6 /* MCEInboxPostTemplateView.m */; };
		C35F708C1C654DE500070DB6 /* MCEInboxPostTemplateView.xib in Resources */ = {isa = PBXBuildFile; fileRef = C35F70811C654DE500070DB6 /* MCEInboxPostTemplateView.xib */; };
		C35F708D1C654DE500070DB6 /* Media.xcassets in Resources */ = {isa = PBXBuildFile; fileRef = C35F70821C654DE500070DB6 /* Media.xcassets */; };
		C362D38A1A8C68690095814E /* EditCell.m in Sources */ = {isa = PBXBuildFile; fileRef = C362D3881A8C68690095814E /* EditCell.m */; };
		C369816C1AA6241500F9448B /* AttributesController.h in Sources */ = {isa = PBXBuildFile; fileRef = C369816B1AA6241500F9448B /* AttributesController.h */; };
		C36992F01DD3CA7700EA178E /* iBeaconVC.m in Sources */ = {isa = PBXBuildFile; fileRef = C36992EF1DD3CA7700EA178E /* iBeaconVC.m */; };
		C375B6A71C52B08D0076E229 /* MCEInAppImageTemplate.m in Sources */ = {isa = PBXBuildFile; fileRef = C375B6A41C52B08D0076E229 /* MCEInAppImageTemplate.m */; };
		C375B6A81C52B08D0076E229 /* MCEInAppImageTemplate.xib in Resources */ = {isa = PBXBuildFile; fileRef = C375B6A51C52B08D0076E229 /* MCEInAppImageTemplate.xib */; };
		C375B6A91C52B08D0076E229 /* MCEInAppImageTemplateForeground.xib in Resources */ = {isa = PBXBuildFile; fileRef = C375B6A61C52B08D0076E229 /* MCEInAppImageTemplateForeground.xib */; };
		C38178C51F3E430400ACDCFC /* ExampleViewController.xib in Resources */ = {isa = PBXBuildFile; fileRef = C38178C41F3E430400ACDCFC /* ExampleViewController.xib */; };
		C384E38D1FB0D5CD00067294 /* NotificationDelegate.m in Sources */ = {isa = PBXBuildFile; fileRef = C384E38C1FB0D5CD00067294 /* NotificationDelegate.m */; };
		C3942CBE1D70AEF50099BA1E /* MapKit.framework in Frameworks */ = {isa = PBXBuildFile; fileRef = C3942CBC1D70AEB80099BA1E /* MapKit.framework */; };
		C3942CC71D70B1DF0099BA1E /* CoreLocation.framework in Frameworks */ = {isa = PBXBuildFile; fileRef = C3942CC61D70B1DF0099BA1E /* CoreLocation.framework */; };
		C3A80AD81BA3686E00EE45ED /* CoreTelephony.framework in Frameworks */ = {isa = PBXBuildFile; fileRef = C3A80AD71BA3686E00EE45ED /* CoreTelephony.framework */; };
		C3A80ADA1BA3687300EE45ED /* CoreData.framework in Frameworks */ = {isa = PBXBuildFile; fileRef = C3A80AD91BA3687300EE45ED /* CoreData.framework */; };
		C3AF23051D2C45D500A1D266 /* libsqlite3.0.tbd in Frameworks */ = {isa = PBXBuildFile; fileRef = C3AF23041D2C45D500A1D266 /* libsqlite3.0.tbd */; };
		C3B2A29F1D245B4E00286475 /* Manual SampleNotificationService.appex in Embed App Extensions */ = {isa = PBXBuildFile; fileRef = C3B2A2971D245B4E00286475 /* Manual SampleNotificationService.appex */; settings = {ATTRIBUTES = (RemoveHeadersOnCopy, ); }; };
		C3C399081B20DE7C0080DC49 /* SnoozeActionPlugin.m in Sources */ = {isa = PBXBuildFile; fileRef = C3C399071B20DE7C0080DC49 /* SnoozeActionPlugin.m */; };
		C3C3990D1B20DE850080DC49 /* AddToPassbookClient.m in Sources */ = {isa = PBXBuildFile; fileRef = C3C3990A1B20DE850080DC49 /* AddToPassbookClient.m */; };
		C3C3990E1B20DE850080DC49 /* AddToPassbookPlugin.m in Sources */ = {isa = PBXBuildFile; fileRef = C3C3990C1B20DE850080DC49 /* AddToPassbookPlugin.m */; };
		C3C399111B20DE8B0080DC49 /* AddToCalendarPlugin.m in Sources */ = {isa = PBXBuildFile; fileRef = C3C399101B20DE8B0080DC49 /* AddToCalendarPlugin.m */; };
		C3C399141B20DE900080DC49 /* ActionMenuPlugin.m in Sources */ = {isa = PBXBuildFile; fileRef = C3C399131B20DE900080DC49 /* ActionMenuPlugin.m */; };
		C3C58E2D1C0F5CBC001F39D3 /* DisplayWebViewPlugin.m in Sources */ = {isa = PBXBuildFile; fileRef = C3C58E2A1C0F5CBC001F39D3 /* DisplayWebViewPlugin.m */; };
		C3C58E2E1C0F5CBC001F39D3 /* WebViewController.m in Sources */ = {isa = PBXBuildFile; fileRef = C3C58E2C1C0F5CBC001F39D3 /* WebViewController.m */; };
		C3CD8BE21CDBA51D00E4F441 /* TextInputActionPlugin.m in Sources */ = {isa = PBXBuildFile; fileRef = C3CD8BE11CDBA51D00E4F441 /* TextInputActionPlugin.m */; };
		C3CF5BD11C57ED4B0026ECC8 /* MCEInAppVideoPlayerView.m in Sources */ = {isa = PBXBuildFile; fileRef = C3CF5BCC1C57ED4B0026ECC8 /* MCEInAppVideoPlayerView.m */; };
		C3CF5BD21C57ED4B0026ECC8 /* MCEInAppVideoTemplate.m in Sources */ = {isa = PBXBuildFile; fileRef = C3CF5BCE1C57ED4B0026ECC8 /* MCEInAppVideoTemplate.m */; };
		C3CF5BD31C57ED4B0026ECC8 /* MCEInAppVideoTemplate.xib in Resources */ = {isa = PBXBuildFile; fileRef = C3CF5BCF1C57ED4B0026ECC8 /* MCEInAppVideoTemplate.xib */; };
		C3CF5BD41C57ED4B0026ECC8 /* MCEInAppVideoTemplateForeground.xib in Resources */ = {isa = PBXBuildFile; fileRef = C3CF5BD01C57ED4B0026ECC8 /* MCEInAppVideoTemplateForeground.xib */; };
		C3CF5BD81C57EE430026ECC8 /* background.jpg in Resources */ = {isa = PBXBuildFile; fileRef = C3CF5BD71C57EE430026ECC8 /* background.jpg */; };
		C3D01E611A607F7E00C9A66C /* main.m in Sources */ = {isa = PBXBuildFile; fileRef = C3D01E601A607F7E00C9A66C /* main.m */; };
		C3D01E641A607F7F00C9A66C /* AppDelegate.m in Sources */ = {isa = PBXBuildFile; fileRef = C3D01E631A607F7F00C9A66C /* AppDelegate.m */; };
		C3D01E6A1A607F7F00C9A66C /* Main.storyboard in Resources */ = {isa = PBXBuildFile; fileRef = C3D01E681A607F7F00C9A66C /* Main.storyboard */; };
		C3D01E6C1A607F7F00C9A66C /* Images.xcassets in Resources */ = {isa = PBXBuildFile; fileRef = C3D01E6B1A607F7F00C9A66C /* Images.xcassets */; };
		C3D01E6F1A607F7F00C9A66C /* LaunchScreen.xib in Resources */ = {isa = PBXBuildFile; fileRef = C3D01E6D1A607F7F00C9A66C /* LaunchScreen.xib */; };
		C3D1C9651EF06ED70054B0A8 /* IBMMobilePushNotificationService.framework in Frameworks */ = {isa = PBXBuildFile; fileRef = C3D1C9641EF06ED70054B0A8 /* IBMMobilePushNotificationService.framework */; };
		C3D1C9671EF06EE60054B0A8 /* IBMMobilePush.framework in Frameworks */ = {isa = PBXBuildFile; fileRef = C3D1C9661EF06EE60054B0A8 /* IBMMobilePush.framework */; };
		C3DC7EA91B83ECB800BA1CDD /* Inbox Images.xcassets in Resources */ = {isa = PBXBuildFile; fileRef = C3DC7EA81B83ECB800BA1CDD /* Inbox Images.xcassets */; };
		C3DC928D1C59457B0006CF55 /* MCEInAppMediaTemplate.m in Sources */ = {isa = PBXBuildFile; fileRef = C3DC928C1C59457B0006CF55 /* MCEInAppMediaTemplate.m */; };
		C3DC929A1C59586B0006CF55 /* Assets.xcassets in Resources */ = {isa = PBXBuildFile; fileRef = C3DC92991C59586B0006CF55 /* Assets.xcassets */; };
		C3E231A01FAA24CD00DCD58D /* Interface.storyboard in Resources */ = {isa = PBXBuildFile; fileRef = C3E2319E1FAA24CD00DCD58D /* Interface.storyboard */; };
		C3E231A21FAA24CD00DCD58D /* Assets.xcassets in Resources */ = {isa = PBXBuildFile; fileRef = C3E231A11FAA24CD00DCD58D /* Assets.xcassets */; };
		C3E231A91FAA24CD00DCD58D /* Manual SampleWatch Extension.appex in Embed App Extensions */ = {isa = PBXBuildFile; fileRef = C3E231A81FAA24CD00DCD58D /* Manual SampleWatch Extension.appex */; settings = {ATTRIBUTES = (RemoveHeadersOnCopy, ); }; };
		C3E231AF1FAA24CD00DCD58D /* InterfaceController.m in Sources */ = {isa = PBXBuildFile; fileRef = C3E231AE1FAA24CD00DCD58D /* InterfaceController.m */; };
		C3E231B21FAA24CD00DCD58D /* ExtensionDelegate.m in Sources */ = {isa = PBXBuildFile; fileRef = C3E231B11FAA24CD00DCD58D /* ExtensionDelegate.m */; };
		C3E231B51FAA24CD00DCD58D /* NotificationController.m in Sources */ = {isa = PBXBuildFile; fileRef = C3E231B41FAA24CD00DCD58D /* NotificationController.m */; };
		C3E231B71FAA24CD00DCD58D /* Assets.xcassets in Resources */ = {isa = PBXBuildFile; fileRef = C3E231B61FAA24CD00DCD58D /* Assets.xcassets */; };
		C3E231BC1FAA24CD00DCD58D /* Manual SampleWatch.app in Embed Watch Content */ = {isa = PBXBuildFile; fileRef = C3E2319C1FAA24CC00DCD58D /* Manual SampleWatch.app */; };
		C3E231CA1FAA27FF00DCD58D /* IBMMobilePushWatch.framework in Frameworks */ = {isa = PBXBuildFile; fileRef = C3E231C51FAA259F00DCD58D /* IBMMobilePushWatch.framework */; };
		C3E231CD1FAA2AD100DCD58D /* HandOffController.m in Sources */ = {isa = PBXBuildFile; fileRef = C3E231CC1FAA2AD100DCD58D /* HandOffController.m */; };
		C3E231DE1FAA3A4E00DCD58D /* RegistrationController.m in Sources */ = {isa = PBXBuildFile; fileRef = C3E231DA1FAA3A4E00DCD58D /* RegistrationController.m */; };
		C3E231DF1FAA3A4E00DCD58D /* AttributesController.m in Sources */ = {isa = PBXBuildFile; fileRef = C3E231DB1FAA3A4E00DCD58D /* AttributesController.m */; };
		C3E231E01FAA3A4E00DCD58D /* EventsController.m in Sources */ = {isa = PBXBuildFile; fileRef = C3E231DD1FAA3A4E00DCD58D /* EventsController.m */; };
		C3E345DB1C59244300C25A9E /* MCEAlternateInboxTableViewController.m in Sources */ = {isa = PBXBuildFile; fileRef = C3E345DA1C59244300C25A9E /* MCEAlternateInboxTableViewController.m */; };
		C3E4F14F1A8BC69B00844271 /* RegistrationVC.m in Sources */ = {isa = PBXBuildFile; fileRef = C3E4F14E1A8BC69B00844271 /* RegistrationVC.m */; };
		C3E4F1521A8BE16600844271 /* PushActionsVC.m in Sources */ = {isa = PBXBuildFile; fileRef = C3E4F1511A8BE16600844271 /* PushActionsVC.m */; };
		C3E4F1551A8BE17700844271 /* AttributesVC.m in Sources */ = {isa = PBXBuildFile; fileRef = C3E4F1541A8BE17700844271 /* AttributesVC.m */; };
		C3E4F1581A8BE18900844271 /* EventsVC.m in Sources */ = {isa = PBXBuildFile; fileRef = C3E4F1571A8BE18900844271 /* EventsVC.m */; };
		C3E4F15B1A8BE19900844271 /* StaticCategoriesVC.m in Sources */ = {isa = PBXBuildFile; fileRef = C3E4F15A1A8BE19900844271 /* StaticCategoriesVC.m */; };
		C3ED8B2D1BA8D9DF00B79D65 /* MainVC.m in Sources */ = {isa = PBXBuildFile; fileRef = C3ED8B2C1BA8D9DF00B79D65 /* MainVC.m */; };
/* End PBXBuildFile section */

/* Begin PBXContainerItemProxy section */
		C3B2A29D1D245B4E00286475 /* PBXContainerItemProxy */ = {
			isa = PBXContainerItemProxy;
			containerPortal = C3D01E531A607F7E00C9A66C /* Project object */;
			proxyType = 1;
			remoteGlobalIDString = C3B2A2961D245B4E00286475;
			remoteInfo = SampleNotificationService;
		};
		C3E231AA1FAA24CD00DCD58D /* PBXContainerItemProxy */ = {
			isa = PBXContainerItemProxy;
			containerPortal = C3D01E531A607F7E00C9A66C /* Project object */;
			proxyType = 1;
			remoteGlobalIDString = C3E231A71FAA24CD00DCD58D;
			remoteInfo = "watchkitapp Extension";
		};
		C3E231BA1FAA24CD00DCD58D /* PBXContainerItemProxy */ = {
			isa = PBXContainerItemProxy;
			containerPortal = C3D01E531A607F7E00C9A66C /* Project object */;
			proxyType = 1;
			remoteGlobalIDString = C3E2319B1FAA24CC00DCD58D;
			remoteInfo = watchkitapp;
		};
/* End PBXContainerItemProxy section */

/* Begin PBXCopyFilesBuildPhase section */
		C3B2A2A31D245B4E00286475 /* Embed App Extensions */ = {
			isa = PBXCopyFilesBuildPhase;
			buildActionMask = 2147483647;
			dstPath = "";
			dstSubfolderSpec = 13;
			files = (
				C3B2A29F1D245B4E00286475 /* Manual SampleNotificationService.appex in Embed App Extensions */,
			);
			name = "Embed App Extensions";
			runOnlyForDeploymentPostprocessing = 0;
		};
		C3C471C81EEF27580047468C /* Embed Frameworks */ = {
			isa = PBXCopyFilesBuildPhase;
			buildActionMask = 2147483647;
			dstPath = "";
			dstSubfolderSpec = 10;
			files = (
			);
			name = "Embed Frameworks";
			runOnlyForDeploymentPostprocessing = 0;
		};
		C3E231C21FAA24CD00DCD58D /* Embed App Extensions */ = {
			isa = PBXCopyFilesBuildPhase;
			buildActionMask = 2147483647;
			dstPath = "";
			dstSubfolderSpec = 13;
			files = (
				C3E231A91FAA24CD00DCD58D /* Manual SampleWatch Extension.appex in Embed App Extensions */,
			);
			name = "Embed App Extensions";
			runOnlyForDeploymentPostprocessing = 0;
		};
		C3E231C41FAA24CD00DCD58D /* Embed Watch Content */ = {
			isa = PBXCopyFilesBuildPhase;
			buildActionMask = 2147483647;
			dstPath = "$(CONTENTS_FOLDER_PATH)/Watch";
			dstSubfolderSpec = 16;
			files = (
				C3E231BC1FAA24CD00DCD58D /* Manual SampleWatch.app in Embed Watch Content */,
			);
			name = "Embed Watch Content";
			runOnlyForDeploymentPostprocessing = 0;
		};
/* End PBXCopyFilesBuildPhase section */

/* Begin PBXFileReference section */
		C314BF9B1FAD211B00F363C6 /* MailDelegate.m */ = {isa = PBXFileReference; fileEncoding = 4; lastKnownFileType = sourcecode.c.objc; path = MailDelegate.m; sourceTree = "<group>"; };
		C317F74E1B41FF1B00962B55 /* MceConfig.json */ = {isa = PBXFileReference; fileEncoding = 4; lastKnownFileType = text.json; name = MceConfig.json; path = ../../../MceConfig.json; sourceTree = "<group>"; };
		C31827031B71257B00D497A2 /* richnotification.xcdatamodel */ = {isa = PBXFileReference; lastKnownFileType = wrapper.xcdatamodel; name = richnotification.xcdatamodel; path = ../../richnotification.xcdatamodel; sourceTree = "<group>"; };
		C32FC40F1B44A5590035CAB8 /* InAppVC.m */ = {isa = PBXFileReference; fileEncoding = 4; lastKnownFileType = sourcecode.c.objc; path = InAppVC.m; sourceTree = "<group>"; };
		C32FC4101B44A5590035CAB8 /* InAppVC.h */ = {isa = PBXFileReference; fileEncoding = 4; lastKnownFileType = sourcecode.c.h; path = InAppVC.h; sourceTree = "<group>"; };
		C33571661B3B6461003E0A7A /* MCEInboxDefaultTemplate.h */ = {isa = PBXFileReference; fileEncoding = 4; lastKnownFileType = sourcecode.c.h; path = MCEInboxDefaultTemplate.h; sourceTree = "<group>"; };
		C33571671B3B6461003E0A7A /* MCEInboxDefaultTemplate.m */ = {isa = PBXFileReference; fileEncoding = 4; lastKnownFileType = sourcecode.c.objc; path = MCEInboxDefaultTemplate.m; sourceTree = "<group>"; };
		C33571681B3B6461003E0A7A /* MCEInboxDefaultTemplateCell.h */ = {isa = PBXFileReference; fileEncoding = 4; lastKnownFileType = sourcecode.c.h; path = MCEInboxDefaultTemplateCell.h; sourceTree = "<group>"; };
		C33571691B3B6461003E0A7A /* MCEInboxDefaultTemplateCell.m */ = {isa = PBXFileReference; fileEncoding = 4; lastKnownFileType = sourcecode.c.objc; path = MCEInboxDefaultTemplateCell.m; sourceTree = "<group>"; };
		C335716A1B3B6461003E0A7A /* MCEInboxDefaultTemplateCell.xib */ = {isa = PBXFileReference; fileEncoding = 4; lastKnownFileType = file.xib; path = MCEInboxDefaultTemplateCell.xib; sourceTree = "<group>"; };
		C335716B1B3B6461003E0A7A /* MCEInboxDefaultTemplateDisplay.h */ = {isa = PBXFileReference; fileEncoding = 4; lastKnownFileType = sourcecode.c.h; path = MCEInboxDefaultTemplateDisplay.h; sourceTree = "<group>"; };
		C335716C1B3B6461003E0A7A /* MCEInboxDefaultTemplateDisplay.m */ = {isa = PBXFileReference; fileEncoding = 4; lastKnownFileType = sourcecode.c.objc; path = MCEInboxDefaultTemplateDisplay.m; sourceTree = "<group>"; };
		C335716D1B3B6461003E0A7A /* MCEInboxDefaultTemplateDisplay.xib */ = {isa = PBXFileReference; fileEncoding = 4; lastKnownFileType = file.xib; path = MCEInboxDefaultTemplateDisplay.xib; sourceTree = "<group>"; };
		C335716E1B3B6461003E0A7A /* MCEInboxActionPlugin.h */ = {isa = PBXFileReference; fileEncoding = 4; lastKnownFileType = sourcecode.c.h; path = MCEInboxActionPlugin.h; sourceTree = "<group>"; };
		C335716F1B3B6461003E0A7A /* MCEInboxActionPlugin.m */ = {isa = PBXFileReference; fileEncoding = 4; lastKnownFileType = sourcecode.c.objc; path = MCEInboxActionPlugin.m; sourceTree = "<group>"; };
		C336C10C1F3E08D800C33D40 /* ExamplePlugin.h */ = {isa = PBXFileReference; fileEncoding = 4; lastKnownFileType = sourcecode.c.h; name = ExamplePlugin.h; path = "example-action/ExamplePlugin.h"; sourceTree = "<group>"; };
		C336C10D1F3E08D800C33D40 /* ExamplePlugin.m */ = {isa = PBXFileReference; fileEncoding = 4; lastKnownFileType = sourcecode.c.objc; name = ExamplePlugin.m; path = "example-action/ExamplePlugin.m"; sourceTree = "<group>"; };
		C336C10E1F3E08D800C33D40 /* ExampleViewController.h */ = {isa = PBXFileReference; fileEncoding = 4; lastKnownFileType = sourcecode.c.h; name = ExampleViewController.h; path = "example-action/ExampleViewController.h"; sourceTree = "<group>"; };
		C336C10F1F3E08D800C33D40 /* ExampleViewController.m */ = {isa = PBXFileReference; fileEncoding = 4; lastKnownFileType = sourcecode.c.objc; name = ExampleViewController.m; path = "example-action/ExampleViewController.m"; sourceTree = "<group>"; };
		C3462B421E92AC35000AAB41 /* CoreBluetooth.framework */ = {isa = PBXFileReference; lastKnownFileType = wrapper.framework; name = CoreBluetooth.framework; path = System/Library/Frameworks/CoreBluetooth.framework; sourceTree = SDKROOT; };
		C3462B461E92AD44000AAB41 /* SystemConfiguration.framework */ = {isa = PBXFileReference; lastKnownFileType = wrapper.framework; name = SystemConfiguration.framework; path = System/Library/Frameworks/SystemConfiguration.framework; sourceTree = SDKROOT; };
		C34E05291B740D4500376671 /* MCEInboxTableViewController.h */ = {isa = PBXFileReference; fileEncoding = 4; lastKnownFileType = sourcecode.c.h; path = MCEInboxTableViewController.h; sourceTree = "<group>"; };
		C34E052A1B740D4500376671 /* MCEInboxTableViewController.m */ = {isa = PBXFileReference; fileEncoding = 4; lastKnownFileType = sourcecode.c.objc; path = MCEInboxTableViewController.m; sourceTree = "<group>"; };
		C35C1E7D1D70ABFB00BAB781 /* GeofenceVC.h */ = {isa = PBXFileReference; fileEncoding = 4; lastKnownFileType = sourcecode.c.h; path = GeofenceVC.h; sourceTree = "<group>"; };
		C35C1E7E1D70ABFB00BAB781 /* GeofenceVC.m */ = {isa = PBXFileReference; fileEncoding = 4; lastKnownFileType = sourcecode.c.objc; path = GeofenceVC.m; sourceTree = "<group>"; };
		C35C86941B45D71F00C07ABB /* MCEInAppBannerTemplate.h */ = {isa = PBXFileReference; fileEncoding = 4; lastKnownFileType = sourcecode.c.h; path = MCEInAppBannerTemplate.h; sourceTree = "<group>"; };
		C35C86951B45D71F00C07ABB /* MCEInAppBannerTemplate.m */ = {isa = PBXFileReference; fileEncoding = 4; lastKnownFileType = sourcecode.c.objc; path = MCEInAppBannerTemplate.m; sourceTree = "<group>"; };
		C35C86961B45D71F00C07ABB /* MCEInAppBannerTemplate.xib */ = {isa = PBXFileReference; fileEncoding = 4; lastKnownFileType = file.xib; path = MCEInAppBannerTemplate.xib; sourceTree = "<group>"; };
		C35C86971B45D71F00C07ABB /* Mini Images.xcassets */ = {isa = PBXFileReference; lastKnownFileType = folder.assetcatalog; path = "Mini Images.xcassets"; sourceTree = "<group>"; };
		C35F70721C654DE500070DB6 /* MCEInboxPostTemplate.h */ = {isa = PBXFileReference; fileEncoding = 4; lastKnownFileType = sourcecode.c.h; path = MCEInboxPostTemplate.h; sourceTree = "<group>"; };
		C35F70731C654DE500070DB6 /* MCEInboxPostTemplate.m */ = {isa = PBXFileReference; fileEncoding = 4; lastKnownFileType = sourcecode.c.objc; path = MCEInboxPostTemplate.m; sourceTree = "<group>"; };
		C35F70741C654DE500070DB6 /* MCEInboxPostTemplateCell.h */ = {isa = PBXFileReference; fileEncoding = 4; lastKnownFileType = sourcecode.c.h; path = MCEInboxPostTemplateCell.h; sourceTree = "<group>"; };
		C35F70751C654DE500070DB6 /* MCEInboxPostTemplateCell.m */ = {isa = PBXFileReference; fileEncoding = 4; lastKnownFileType = sourcecode.c.objc; path = MCEInboxPostTemplateCell.m; sourceTree = "<group>"; };
		C35F70761C654DE500070DB6 /* MCEInboxPostTemplateCell.xib */ = {isa = PBXFileReference; fileEncoding = 4; lastKnownFileType = file.xib; path = MCEInboxPostTemplateCell.xib; sourceTree = "<group>"; };
		C35F70771C654DE500070DB6 /* MCEInboxPostTemplateDisplay.h */ = {isa = PBXFileReference; fileEncoding = 4; lastKnownFileType = sourcecode.c.h; path = MCEInboxPostTemplateDisplay.h; sourceTree = "<group>"; };
		C35F70781C654DE500070DB6 /* MCEInboxPostTemplateDisplay.m */ = {isa = PBXFileReference; fileEncoding = 4; lastKnownFileType = sourcecode.c.objc; path = MCEInboxPostTemplateDisplay.m; sourceTree = "<group>"; };
		C35F70791C654DE500070DB6 /* MCEInboxPostTemplateDisplay.xib */ = {isa = PBXFileReference; fileEncoding = 4; lastKnownFileType = file.xib; path = MCEInboxPostTemplateDisplay.xib; sourceTree = "<group>"; };
		C35F707A1C654DE500070DB6 /* MCEInboxPostTemplateImage.h */ = {isa = PBXFileReference; fileEncoding = 4; lastKnownFileType = sourcecode.c.h; path = MCEInboxPostTemplateImage.h; sourceTree = "<group>"; };
		C35F707B1C654DE500070DB6 /* MCEInboxPostTemplateImage.m */ = {isa = PBXFileReference; fileEncoding = 4; lastKnownFileType = sourcecode.c.objc; path = MCEInboxPostTemplateImage.m; sourceTree = "<group>"; };
		C35F707C1C654DE500070DB6 /* MCEInboxPostTemplateImage.xib */ = {isa = PBXFileReference; fileEncoding = 4; lastKnownFileType = file.xib; path = MCEInboxPostTemplateImage.xib; sourceTree = "<group>"; };
		C35F707D1C654DE500070DB6 /* MCEInboxPostTemplateVideoPlayerView.h */ = {isa = PBXFileReference; fileEncoding = 4; lastKnownFileType = sourcecode.c.h; path = MCEInboxPostTemplateVideoPlayerView.h; sourceTree = "<group>"; };
		C35F707E1C654DE500070DB6 /* MCEInboxPostTemplateVideoPlayerView.m */ = {isa = PBXFileReference; fileEncoding = 4; lastKnownFileType = sourcecode.c.objc; path = MCEInboxPostTemplateVideoPlayerView.m; sourceTree = "<group>"; };
		C35F707F1C654DE500070DB6 /* MCEInboxPostTemplateView.h */ = {isa = PBXFileReference; fileEncoding = 4; lastKnownFileType = sourcecode.c.h; path = MCEInboxPostTemplateView.h; sourceTree = "<group>"; };
		C35F70801C654DE500070DB6 /* MCEInboxPostTemplateView.m */ = {isa = PBXFileReference; fileEncoding = 4; lastKnownFileType = sourcecode.c.objc; path = MCEInboxPostTemplateView.m; sourceTree = "<group>"; };
		C35F70811C654DE500070DB6 /* MCEInboxPostTemplateView.xib */ = {isa = PBXFileReference; fileEncoding = 4; lastKnownFileType = file.xib; path = MCEInboxPostTemplateView.xib; sourceTree = "<group>"; };
		C35F70821C654DE500070DB6 /* Media.xcassets */ = {isa = PBXFileReference; lastKnownFileType = folder.assetcatalog; path = Media.xcassets; sourceTree = "<group>"; };
		C362D3871A8C68690095814E /* EditCell.h */ = {isa = PBXFileReference; fileEncoding = 4; lastKnownFileType = sourcecode.c.h; path = EditCell.h; sourceTree = "<group>"; };
		C362D3881A8C68690095814E /* EditCell.m */ = {isa = PBXFileReference; fileEncoding = 4; lastKnownFileType = sourcecode.c.objc; path = EditCell.m; sourceTree = "<group>"; };
		C369816A1AA6241500F9448B /* MailDelegate.h */ = {isa = PBXFileReference; fileEncoding = 4; lastKnownFileType = sourcecode.c.h; path = MailDelegate.h; sourceTree = "<group>"; };
		C369816B1AA6241500F9448B /* AttributesController.h */ = {isa = PBXFileReference; fileEncoding = 4; lastKnownFileType = sourcecode.c.h; name = AttributesController.h; path = "../watchkitapp Extension/AttributesController.h"; sourceTree = "<group>"; };
		C36992EE1DD3CA7700EA178E /* iBeaconVC.h */ = {isa = PBXFileReference; fileEncoding = 4; lastKnownFileType = sourcecode.c.h; path = iBeaconVC.h; sourceTree = "<group>"; };
		C36992EF1DD3CA7700EA178E /* iBeaconVC.m */ = {isa = PBXFileReference; fileEncoding = 4; lastKnownFileType = sourcecode.c.objc; path = iBeaconVC.m; sourceTree = "<group>"; };
		C375B6A31C52B08D0076E229 /* MCEInAppImageTemplate.h */ = {isa = PBXFileReference; fileEncoding = 4; lastKnownFileType = sourcecode.c.h; path = MCEInAppImageTemplate.h; sourceTree = "<group>"; };
		C375B6A41C52B08D0076E229 /* MCEInAppImageTemplate.m */ = {isa = PBXFileReference; fileEncoding = 4; lastKnownFileType = sourcecode.c.objc; path = MCEInAppImageTemplate.m; sourceTree = "<group>"; };
		C375B6A51C52B08D0076E229 /* MCEInAppImageTemplate.xib */ = {isa = PBXFileReference; fileEncoding = 4; lastKnownFileType = file.xib; path = MCEInAppImageTemplate.xib; sourceTree = "<group>"; };
		C375B6A61C52B08D0076E229 /* MCEInAppImageTemplateForeground.xib */ = {isa = PBXFileReference; fileEncoding = 4; lastKnownFileType = file.xib; path = MCEInAppImageTemplateForeground.xib; sourceTree = "<group>"; };
		C38178C41F3E430400ACDCFC /* ExampleViewController.xib */ = {isa = PBXFileReference; lastKnownFileType = file.xib; name = ExampleViewController.xib; path = "example-action/ExampleViewController.xib"; sourceTree = "<group>"; };
		C384E38B1FB0D5CD00067294 /* NotificationDelegate.h */ = {isa = PBXFileReference; lastKnownFileType = sourcecode.c.h; path = NotificationDelegate.h; sourceTree = "<group>"; };
		C384E38C1FB0D5CD00067294 /* NotificationDelegate.m */ = {isa = PBXFileReference; lastKnownFileType = sourcecode.c.objc; path = NotificationDelegate.m; sourceTree = "<group>"; };
		C3942CBC1D70AEB80099BA1E /* MapKit.framework */ = {isa = PBXFileReference; lastKnownFileType = wrapper.framework; name = MapKit.framework; path = System/Library/Frameworks/MapKit.framework; sourceTree = SDKROOT; };
		C3942CC61D70B1DF0099BA1E /* CoreLocation.framework */ = {isa = PBXFileReference; lastKnownFileType = wrapper.framework; name = CoreLocation.framework; path = System/Library/Frameworks/CoreLocation.framework; sourceTree = SDKROOT; };
		C39E6BB91FBDE52B00787DBB /* Manual SampleNotificationService.entitlements */ = {isa = PBXFileReference; lastKnownFileType = text.plist.entitlements; path = "Manual SampleNotificationService.entitlements"; sourceTree = "<group>"; };
		C39E6BBA1FBDE5DD00787DBB /* Manual SampleWatch.entitlements */ = {isa = PBXFileReference; lastKnownFileType = text.plist.entitlements; path = "Manual SampleWatch.entitlements"; sourceTree = "<group>"; };
		C39E6BBB1FBDE62600787DBB /* Manual SampleWatch Extension.entitlements */ = {isa = PBXFileReference; lastKnownFileType = text.plist.entitlements; path = "Manual SampleWatch Extension.entitlements"; sourceTree = "<group>"; };
		C3A80AD71BA3686E00EE45ED /* CoreTelephony.framework */ = {isa = PBXFileReference; lastKnownFileType = wrapper.framework; name = CoreTelephony.framework; path = System/Library/Frameworks/CoreTelephony.framework; sourceTree = SDKROOT; };
		C3A80AD91BA3687300EE45ED /* CoreData.framework */ = {isa = PBXFileReference; lastKnownFileType = wrapper.framework; name = CoreData.framework; path = System/Library/Frameworks/CoreData.framework; sourceTree = SDKROOT; };
		C3AF23041D2C45D500A1D266 /* libsqlite3.0.tbd */ = {isa = PBXFileReference; lastKnownFileType = "sourcecode.text-based-dylib-definition"; name = libsqlite3.0.tbd; path = usr/lib/libsqlite3.0.tbd; sourceTree = SDKROOT; };
		C3B2A2971D245B4E00286475 /* Manual SampleNotificationService.appex */ = {isa = PBXFileReference; explicitFileType = "wrapper.app-extension"; includeInIndex = 0; path = "Manual SampleNotificationService.appex"; sourceTree = BUILT_PRODUCTS_DIR; };
		C3B2A2991D245B4E00286475 /* NotificationService.h */ = {isa = PBXFileReference; lastKnownFileType = sourcecode.c.h; path = NotificationService.h; sourceTree = "<group>"; };
		C3B2A29A1D245B4E00286475 /* NotificationService.m */ = {isa = PBXFileReference; lastKnownFileType = sourcecode.c.objc; path = NotificationService.m; sourceTree = "<group>"; };
		C3B2A29C1D245B4E00286475 /* Info.plist */ = {isa = PBXFileReference; lastKnownFileType = text.plist.xml; path = Info.plist; sourceTree = "<group>"; };
		C3B2A2B21D2593A600286475 /* SampleNotificationService.entitlements */ = {isa = PBXFileReference; lastKnownFileType = text.xml; path = SampleNotificationService.entitlements; sourceTree = "<group>"; };
		C3C399061B20DE7C0080DC49 /* SnoozeActionPlugin.h */ = {isa = PBXFileReference; fileEncoding = 4; lastKnownFileType = sourcecode.c.h; path = SnoozeActionPlugin.h; sourceTree = "<group>"; };
		C3C399071B20DE7C0080DC49 /* SnoozeActionPlugin.m */ = {isa = PBXFileReference; fileEncoding = 4; lastKnownFileType = sourcecode.c.objc; path = SnoozeActionPlugin.m; sourceTree = "<group>"; };
		C3C399091B20DE850080DC49 /* AddToPassbookClient.h */ = {isa = PBXFileReference; fileEncoding = 4; lastKnownFileType = sourcecode.c.h; path = AddToPassbookClient.h; sourceTree = "<group>"; };
		C3C3990A1B20DE850080DC49 /* AddToPassbookClient.m */ = {isa = PBXFileReference; fileEncoding = 4; lastKnownFileType = sourcecode.c.objc; path = AddToPassbookClient.m; sourceTree = "<group>"; };
		C3C3990B1B20DE850080DC49 /* AddToPassbookPlugin.h */ = {isa = PBXFileReference; fileEncoding = 4; lastKnownFileType = sourcecode.c.h; path = AddToPassbookPlugin.h; sourceTree = "<group>"; };
		C3C3990C1B20DE850080DC49 /* AddToPassbookPlugin.m */ = {isa = PBXFileReference; fileEncoding = 4; lastKnownFileType = sourcecode.c.objc; path = AddToPassbookPlugin.m; sourceTree = "<group>"; };
		C3C3990F1B20DE8B0080DC49 /* AddToCalendarPlugin.h */ = {isa = PBXFileReference; fileEncoding = 4; lastKnownFileType = sourcecode.c.h; path = AddToCalendarPlugin.h; sourceTree = "<group>"; };
		C3C399101B20DE8B0080DC49 /* AddToCalendarPlugin.m */ = {isa = PBXFileReference; fileEncoding = 4; lastKnownFileType = sourcecode.c.objc; path = AddToCalendarPlugin.m; sourceTree = "<group>"; };
		C3C399121B20DE900080DC49 /* ActionMenuPlugin.h */ = {isa = PBXFileReference; fileEncoding = 4; lastKnownFileType = sourcecode.c.h; path = ActionMenuPlugin.h; sourceTree = "<group>"; };
		C3C399131B20DE900080DC49 /* ActionMenuPlugin.m */ = {isa = PBXFileReference; fileEncoding = 4; lastKnownFileType = sourcecode.c.objc; path = ActionMenuPlugin.m; sourceTree = "<group>"; };
		C3C58E291C0F5CBC001F39D3 /* DisplayWebViewPlugin.h */ = {isa = PBXFileReference; fileEncoding = 4; lastKnownFileType = sourcecode.c.h; path = DisplayWebViewPlugin.h; sourceTree = "<group>"; };
		C3C58E2A1C0F5CBC001F39D3 /* DisplayWebViewPlugin.m */ = {isa = PBXFileReference; fileEncoding = 4; lastKnownFileType = sourcecode.c.objc; path = DisplayWebViewPlugin.m; sourceTree = "<group>"; };
		C3C58E2B1C0F5CBC001F39D3 /* WebViewController.h */ = {isa = PBXFileReference; fileEncoding = 4; lastKnownFileType = sourcecode.c.h; path = WebViewController.h; sourceTree = "<group>"; };
		C3C58E2C1C0F5CBC001F39D3 /* WebViewController.m */ = {isa = PBXFileReference; fileEncoding = 4; lastKnownFileType = sourcecode.c.objc; path = WebViewController.m; sourceTree = "<group>"; };
		C3CD8BE01CDBA51D00E4F441 /* TextInputActionPlugin.h */ = {isa = PBXFileReference; fileEncoding = 4; lastKnownFileType = sourcecode.c.h; name = TextInputActionPlugin.h; path = "../../plugins/text-input-action/TextInputActionPlugin.h"; sourceTree = "<group>"; };
		C3CD8BE11CDBA51D00E4F441 /* TextInputActionPlugin.m */ = {isa = PBXFileReference; fileEncoding = 4; lastKnownFileType = sourcecode.c.objc; name = TextInputActionPlugin.m; path = "../../plugins/text-input-action/TextInputActionPlugin.m"; sourceTree = "<group>"; };
		C3CF5BCB1C57ED4B0026ECC8 /* MCEInAppVideoPlayerView.h */ = {isa = PBXFileReference; fileEncoding = 4; lastKnownFileType = sourcecode.c.h; path = MCEInAppVideoPlayerView.h; sourceTree = "<group>"; };
		C3CF5BCC1C57ED4B0026ECC8 /* MCEInAppVideoPlayerView.m */ = {isa = PBXFileReference; fileEncoding = 4; lastKnownFileType = sourcecode.c.objc; path = MCEInAppVideoPlayerView.m; sourceTree = "<group>"; };
		C3CF5BCD1C57ED4B0026ECC8 /* MCEInAppVideoTemplate.h */ = {isa = PBXFileReference; fileEncoding = 4; lastKnownFileType = sourcecode.c.h; path = MCEInAppVideoTemplate.h; sourceTree = "<group>"; };
		C3CF5BCE1C57ED4B0026ECC8 /* MCEInAppVideoTemplate.m */ = {isa = PBXFileReference; fileEncoding = 4; lastKnownFileType = sourcecode.c.objc; path = MCEInAppVideoTemplate.m; sourceTree = "<group>"; };
		C3CF5BCF1C57ED4B0026ECC8 /* MCEInAppVideoTemplate.xib */ = {isa = PBXFileReference; fileEncoding = 4; lastKnownFileType = file.xib; path = MCEInAppVideoTemplate.xib; sourceTree = "<group>"; };
		C3CF5BD01C57ED4B0026ECC8 /* MCEInAppVideoTemplateForeground.xib */ = {isa = PBXFileReference; fileEncoding = 4; lastKnownFileType = file.xib; path = MCEInAppVideoTemplateForeground.xib; sourceTree = "<group>"; };
		C3CF5BD71C57EE430026ECC8 /* background.jpg */ = {isa = PBXFileReference; lastKnownFileType = image.jpeg; path = background.jpg; sourceTree = "<group>"; };
		C3D01E5B1A607F7E00C9A66C /* Manual Sample.app */ = {isa = PBXFileReference; explicitFileType = wrapper.application; includeInIndex = 0; path = "Manual Sample.app"; sourceTree = BUILT_PRODUCTS_DIR; };
		C3D01E5F1A607F7E00C9A66C /* Info.plist */ = {isa = PBXFileReference; lastKnownFileType = text.plist.xml; path = Info.plist; sourceTree = "<group>"; };
		C3D01E601A607F7E00C9A66C /* main.m */ = {isa = PBXFileReference; lastKnownFileType = sourcecode.c.objc; path = main.m; sourceTree = "<group>"; };
		C3D01E621A607F7E00C9A66C /* AppDelegate.h */ = {isa = PBXFileReference; lastKnownFileType = sourcecode.c.h; path = AppDelegate.h; sourceTree = "<group>"; };
		C3D01E631A607F7F00C9A66C /* AppDelegate.m */ = {isa = PBXFileReference; lastKnownFileType = sourcecode.c.objc; path = AppDelegate.m; sourceTree = "<group>"; };
		C3D01E691A607F7F00C9A66C /* Base */ = {isa = PBXFileReference; lastKnownFileType = file.storyboard; name = Base; path = Base.lproj/Main.storyboard; sourceTree = "<group>"; };
		C3D01E6B1A607F7F00C9A66C /* Images.xcassets */ = {isa = PBXFileReference; lastKnownFileType = folder.assetcatalog; path = Images.xcassets; sourceTree = "<group>"; };
		C3D01E6E1A607F7F00C9A66C /* Base */ = {isa = PBXFileReference; lastKnownFileType = file.xib; name = Base; path = Base.lproj/LaunchScreen.xib; sourceTree = "<group>"; };
		C3D1C9641EF06ED70054B0A8 /* IBMMobilePushNotificationService.framework */ = {isa = PBXFileReference; lastKnownFileType = wrapper.framework; name = IBMMobilePushNotificationService.framework; path = ../../IBMMobilePushNotificationService.framework; sourceTree = "<group>"; };
		C3D1C9661EF06EE60054B0A8 /* IBMMobilePush.framework */ = {isa = PBXFileReference; lastKnownFileType = wrapper.framework; name = IBMMobilePush.framework; path = ../../IBMMobilePush.framework; sourceTree = "<group>"; };
		C3DC7EA81B83ECB800BA1CDD /* Inbox Images.xcassets */ = {isa = PBXFileReference; lastKnownFileType = folder.assetcatalog; path = "Inbox Images.xcassets"; sourceTree = "<group>"; };
		C3DC928B1C59457B0006CF55 /* MCEInAppMediaTemplate.h */ = {isa = PBXFileReference; fileEncoding = 4; lastKnownFileType = sourcecode.c.h; name = MCEInAppMediaTemplate.h; path = "Media Template/MCEInAppMediaTemplate.h"; sourceTree = "<group>"; };
		C3DC928C1C59457B0006CF55 /* MCEInAppMediaTemplate.m */ = {isa = PBXFileReference; fileEncoding = 4; lastKnownFileType = sourcecode.c.objc; name = MCEInAppMediaTemplate.m; path = "Media Template/MCEInAppMediaTemplate.m"; sourceTree = "<group>"; };
		C3DC92991C59586B0006CF55 /* Assets.xcassets */ = {isa = PBXFileReference; lastKnownFileType = folder.assetcatalog; name = Assets.xcassets; path = "Media Template/Assets.xcassets"; sourceTree = "<group>"; };
		C3E2319C1FAA24CC00DCD58D /* Manual SampleWatch.app */ = {isa = PBXFileReference; explicitFileType = wrapper.application; includeInIndex = 0; path = "Manual SampleWatch.app"; sourceTree = BUILT_PRODUCTS_DIR; };
		C3E2319F1FAA24CD00DCD58D /* Base */ = {isa = PBXFileReference; lastKnownFileType = file.storyboard; name = Base; path = Base.lproj/Interface.storyboard; sourceTree = "<group>"; };
		C3E231A11FAA24CD00DCD58D /* Assets.xcassets */ = {isa = PBXFileReference; lastKnownFileType = folder.assetcatalog; path = Assets.xcassets; sourceTree = "<group>"; };
		C3E231A31FAA24CD00DCD58D /* Info.plist */ = {isa = PBXFileReference; lastKnownFileType = text.plist.xml; path = Info.plist; sourceTree = "<group>"; };
		C3E231A81FAA24CD00DCD58D /* Manual SampleWatch Extension.appex */ = {isa = PBXFileReference; explicitFileType = "wrapper.app-extension"; includeInIndex = 0; path = "Manual SampleWatch Extension.appex"; sourceTree = BUILT_PRODUCTS_DIR; };
		C3E231AD1FAA24CD00DCD58D /* InterfaceController.h */ = {isa = PBXFileReference; lastKnownFileType = sourcecode.c.h; path = InterfaceController.h; sourceTree = "<group>"; };
		C3E231AE1FAA24CD00DCD58D /* InterfaceController.m */ = {isa = PBXFileReference; lastKnownFileType = sourcecode.c.objc; path = InterfaceController.m; sourceTree = "<group>"; };
		C3E231B01FAA24CD00DCD58D /* ExtensionDelegate.h */ = {isa = PBXFileReference; lastKnownFileType = sourcecode.c.h; path = ExtensionDelegate.h; sourceTree = "<group>"; };
		C3E231B11FAA24CD00DCD58D /* ExtensionDelegate.m */ = {isa = PBXFileReference; lastKnownFileType = sourcecode.c.objc; path = ExtensionDelegate.m; sourceTree = "<group>"; };
		C3E231B31FAA24CD00DCD58D /* NotificationController.h */ = {isa = PBXFileReference; lastKnownFileType = sourcecode.c.h; path = NotificationController.h; sourceTree = "<group>"; };
		C3E231B41FAA24CD00DCD58D /* NotificationController.m */ = {isa = PBXFileReference; lastKnownFileType = sourcecode.c.objc; path = NotificationController.m; sourceTree = "<group>"; };
		C3E231B61FAA24CD00DCD58D /* Assets.xcassets */ = {isa = PBXFileReference; lastKnownFileType = folder.assetcatalog; path = Assets.xcassets; sourceTree = "<group>"; };
		C3E231B81FAA24CD00DCD58D /* Info.plist */ = {isa = PBXFileReference; lastKnownFileType = text.plist.xml; path = Info.plist; sourceTree = "<group>"; };
		C3E231B91FAA24CD00DCD58D /* PushNotificationPayload.apns */ = {isa = PBXFileReference; lastKnownFileType = text; path = PushNotificationPayload.apns; sourceTree = "<group>"; };
		C3E231C51FAA259F00DCD58D /* IBMMobilePushWatch.framework */ = {isa = PBXFileReference; lastKnownFileType = wrapper.framework; name = IBMMobilePushWatch.framework; path = ../../IBMMobilePushWatch.framework; sourceTree = "<group>"; };
		C3E231CB1FAA2AD100DCD58D /* HandOffController.h */ = {isa = PBXFileReference; fileEncoding = 4; lastKnownFileType = sourcecode.c.h; name = HandOffController.h; path = ../../../plugins/watch/HandOffController.h; sourceTree = "<group>"; };
		C3E231CC1FAA2AD100DCD58D /* HandOffController.m */ = {isa = PBXFileReference; fileEncoding = 4; lastKnownFileType = sourcecode.c.objc; name = HandOffController.m; path = ../../../plugins/watch/HandOffController.m; sourceTree = "<group>"; };
		C3E231D81FAA3A4D00DCD58D /* AttributesController.h */ = {isa = PBXFileReference; fileEncoding = 4; lastKnownFileType = sourcecode.c.h; path = AttributesController.h; sourceTree = "<group>"; };
		C3E231D91FAA3A4D00DCD58D /* RegistrationController.h */ = {isa = PBXFileReference; fileEncoding = 4; lastKnownFileType = sourcecode.c.h; path = RegistrationController.h; sourceTree = "<group>"; };
		C3E231DA1FAA3A4E00DCD58D /* RegistrationController.m */ = {isa = PBXFileReference; fileEncoding = 4; lastKnownFileType = sourcecode.c.objc; path = RegistrationController.m; sourceTree = "<group>"; };
		C3E231DB1FAA3A4E00DCD58D /* AttributesController.m */ = {isa = PBXFileReference; fileEncoding = 4; lastKnownFileType = sourcecode.c.objc; path = AttributesController.m; sourceTree = "<group>"; };
		C3E231DC1FAA3A4E00DCD58D /* EventsController.h */ = {isa = PBXFileReference; fileEncoding = 4; lastKnownFileType = sourcecode.c.h; path = EventsController.h; sourceTree = "<group>"; };
		C3E231DD1FAA3A4E00DCD58D /* EventsController.m */ = {isa = PBXFileReference; fileEncoding = 4; lastKnownFileType = sourcecode.c.objc; path = EventsController.m; sourceTree = "<group>"; };
		C3E345D91C59244300C25A9E /* MCEAlternateInboxTableViewController.h */ = {isa = PBXFileReference; fileEncoding = 4; lastKnownFileType = sourcecode.c.h; path = MCEAlternateInboxTableViewController.h; sourceTree = "<group>"; };
		C3E345DA1C59244300C25A9E /* MCEAlternateInboxTableViewController.m */ = {isa = PBXFileReference; fileEncoding = 4; lastKnownFileType = sourcecode.c.objc; path = MCEAlternateInboxTableViewController.m; sourceTree = "<group>"; };
		C3E4F14D1A8BC69B00844271 /* RegistrationVC.h */ = {isa = PBXFileReference; fileEncoding = 4; lastKnownFileType = sourcecode.c.h; path = RegistrationVC.h; sourceTree = "<group>"; };
		C3E4F14E1A8BC69B00844271 /* RegistrationVC.m */ = {isa = PBXFileReference; fileEncoding = 4; lastKnownFileType = sourcecode.c.objc; path = RegistrationVC.m; sourceTree = "<group>"; };
		C3E4F1501A8BE16600844271 /* PushActionsVC.h */ = {isa = PBXFileReference; fileEncoding = 4; lastKnownFileType = sourcecode.c.h; path = PushActionsVC.h; sourceTree = "<group>"; };
		C3E4F1511A8BE16600844271 /* PushActionsVC.m */ = {isa = PBXFileReference; fileEncoding = 4; lastKnownFileType = sourcecode.c.objc; path = PushActionsVC.m; sourceTree = "<group>"; };
		C3E4F1531A8BE17700844271 /* AttributesVC.h */ = {isa = PBXFileReference; fileEncoding = 4; lastKnownFileType = sourcecode.c.h; path = AttributesVC.h; sourceTree = "<group>"; };
		C3E4F1541A8BE17700844271 /* AttributesVC.m */ = {isa = PBXFileReference; fileEncoding = 4; lastKnownFileType = sourcecode.c.objc; path = AttributesVC.m; sourceTree = "<group>"; };
		C3E4F1561A8BE18900844271 /* EventsVC.h */ = {isa = PBXFileReference; fileEncoding = 4; lastKnownFileType = sourcecode.c.h; path = EventsVC.h; sourceTree = "<group>"; };
		C3E4F1571A8BE18900844271 /* EventsVC.m */ = {isa = PBXFileReference; fileEncoding = 4; lastKnownFileType = sourcecode.c.objc; path = EventsVC.m; sourceTree = "<group>"; };
		C3E4F1591A8BE19900844271 /* StaticCategoriesVC.h */ = {isa = PBXFileReference; fileEncoding = 4; lastKnownFileType = sourcecode.c.h; path = StaticCategoriesVC.h; sourceTree = "<group>"; };
		C3E4F15A1A8BE19900844271 /* StaticCategoriesVC.m */ = {isa = PBXFileReference; fileEncoding = 4; lastKnownFileType = sourcecode.c.objc; path = StaticCategoriesVC.m; sourceTree = "<group>"; };
		C3E61CC31D1300A8006EC588 /* Sample.entitlements */ = {isa = PBXFileReference; lastKnownFileType = text.xml; path = Sample.entitlements; sourceTree = SOURCE_ROOT; };
		C3ED8B2B1BA8D9DF00B79D65 /* MainVC.h */ = {isa = PBXFileReference; fileEncoding = 4; lastKnownFileType = sourcecode.c.h; path = MainVC.h; sourceTree = "<group>"; };
		C3ED8B2C1BA8D9DF00B79D65 /* MainVC.m */ = {isa = PBXFileReference; fileEncoding = 4; lastKnownFileType = sourcecode.c.objc; path = MainVC.m; sourceTree = "<group>"; };
/* End PBXFileReference section */

/* Begin PBXFrameworksBuildPhase section */
		C3B2A2941D245B4E00286475 /* Frameworks */ = {
			isa = PBXFrameworksBuildPhase;
			buildActionMask = 2147483647;
			files = (
				C3D1C9651EF06ED70054B0A8 /* IBMMobilePushNotificationService.framework in Frameworks */,
			);
			runOnlyForDeploymentPostprocessing = 0;
		};
		C3D01E581A607F7E00C9A66C /* Frameworks */ = {
			isa = PBXFrameworksBuildPhase;
			buildActionMask = 2147483647;
			files = (
				C3D1C9671EF06EE60054B0A8 /* IBMMobilePush.framework in Frameworks */,
				C3462B471E92AD44000AAB41 /* SystemConfiguration.framework in Frameworks */,
				C3462B431E92AC35000AAB41 /* CoreBluetooth.framework in Frameworks */,
				C3942CC71D70B1DF0099BA1E /* CoreLocation.framework in Frameworks */,
				C3AF23051D2C45D500A1D266 /* libsqlite3.0.tbd in Frameworks */,
				C3A80ADA1BA3687300EE45ED /* CoreData.framework in Frameworks */,
				C3942CBE1D70AEF50099BA1E /* MapKit.framework in Frameworks */,
				C3A80AD81BA3686E00EE45ED /* CoreTelephony.framework in Frameworks */,
			);
			runOnlyForDeploymentPostprocessing = 0;
		};
		C3E231A51FAA24CD00DCD58D /* Frameworks */ = {
			isa = PBXFrameworksBuildPhase;
			buildActionMask = 2147483647;
			files = (
				C3E231CA1FAA27FF00DCD58D /* IBMMobilePushWatch.framework in Frameworks */,
			);
			runOnlyForDeploymentPostprocessing = 0;
		};
		C3E231C81FAA259F00DCD58D /* Frameworks */ = {
			isa = PBXFrameworksBuildPhase;
			buildActionMask = 2147483647;
			files = (
			);
			runOnlyForDeploymentPostprocessing = 0;
		};
/* End PBXFrameworksBuildPhase section */

/* Begin PBXGroup section */
		C32FC3FC1B449F620035CAB8 /* InApp */ = {
			isa = PBXGroup;
			children = (
				C3DC928E1C5945BC0006CF55 /* Media Template */,
				C3CF5BCA1C57ED4B0026ECC8 /* Video Template */,
				C375B68F1C52AF300076E229 /* Image Template */,
				C35C86931B45D71F00C07ABB /* Banner Template */,
			);
			name = InApp;
			path = ../plugins/InApp;
			sourceTree = "<group>";
		};
		C33571641B3B6461003E0A7A /* inbox */ = {
			isa = PBXGroup;
			children = (
				C35F70711C654DE500070DB6 /* Post Template */,
				C3DC7EA81B83ECB800BA1CDD /* Inbox Images.xcassets */,
				C33571651B3B6461003E0A7A /* Default Template Handler */,
				C335716E1B3B6461003E0A7A /* MCEInboxActionPlugin.h */,
				C335716F1B3B6461003E0A7A /* MCEInboxActionPlugin.m */,
				C3E345D91C59244300C25A9E /* MCEAlternateInboxTableViewController.h */,
				C3E345DA1C59244300C25A9E /* MCEAlternateInboxTableViewController.m */,
				C34E05291B740D4500376671 /* MCEInboxTableViewController.h */,
				C34E052A1B740D4500376671 /* MCEInboxTableViewController.m */,
			);
			path = inbox;
			sourceTree = "<group>";
		};
		C33571651B3B6461003E0A7A /* Default Template Handler */ = {
			isa = PBXGroup;
			children = (
				C33571661B3B6461003E0A7A /* MCEInboxDefaultTemplate.h */,
				C33571671B3B6461003E0A7A /* MCEInboxDefaultTemplate.m */,
				C33571681B3B6461003E0A7A /* MCEInboxDefaultTemplateCell.h */,
				C33571691B3B6461003E0A7A /* MCEInboxDefaultTemplateCell.m */,
				C335716A1B3B6461003E0A7A /* MCEInboxDefaultTemplateCell.xib */,
				C335716B1B3B6461003E0A7A /* MCEInboxDefaultTemplateDisplay.h */,
				C335716C1B3B6461003E0A7A /* MCEInboxDefaultTemplateDisplay.m */,
				C335716D1B3B6461003E0A7A /* MCEInboxDefaultTemplateDisplay.xib */,
			);
			path = "Default Template Handler";
			sourceTree = "<group>";
		};
		C336C10B1F3E08C900C33D40 /* Example Action Plugin */ = {
			isa = PBXGroup;
			children = (
				C336C10C1F3E08D800C33D40 /* ExamplePlugin.h */,
				C336C10D1F3E08D800C33D40 /* ExamplePlugin.m */,
				C336C10E1F3E08D800C33D40 /* ExampleViewController.h */,
				C336C10F1F3E08D800C33D40 /* ExampleViewController.m */,
				C38178C41F3E430400ACDCFC /* ExampleViewController.xib */,
			);
			name = "Example Action Plugin";
			sourceTree = "<group>";
		};
		C354C7BC1B39F41E0014F070 /* ActionMenu Plugin */ = {
			isa = PBXGroup;
			children = (
				C3C399121B20DE900080DC49 /* ActionMenuPlugin.h */,
				C3C399131B20DE900080DC49 /* ActionMenuPlugin.m */,
			);
			name = "ActionMenu Plugin";
			path = "action-menu";
			sourceTree = "<group>";
		};
		C354C7BD1B39F4310014F070 /* AddToCalendar Plugin */ = {
			isa = PBXGroup;
			children = (
				C3C3990F1B20DE8B0080DC49 /* AddToCalendarPlugin.h */,
				C3C399101B20DE8B0080DC49 /* AddToCalendarPlugin.m */,
			);
			name = "AddToCalendar Plugin";
			path = "calendar-action";
			sourceTree = "<group>";
		};
		C354C7BE1B39F4520014F070 /* AddToPassbook Plugin */ = {
			isa = PBXGroup;
			children = (
				C3C399091B20DE850080DC49 /* AddToPassbookClient.h */,
				C3C3990A1B20DE850080DC49 /* AddToPassbookClient.m */,
				C3C3990B1B20DE850080DC49 /* AddToPassbookPlugin.h */,
				C3C3990C1B20DE850080DC49 /* AddToPassbookPlugin.m */,
			);
			name = "AddToPassbook Plugin";
			path = "passbook-action";
			sourceTree = "<group>";
		};
		C354C7BF1B39F45E0014F070 /* SnoozeAction Plugin */ = {
			isa = PBXGroup;
			children = (
				C3C399061B20DE7C0080DC49 /* SnoozeActionPlugin.h */,
				C3C399071B20DE7C0080DC49 /* SnoozeActionPlugin.m */,
			);
			name = "SnoozeAction Plugin";
			path = "snooze-action";
			sourceTree = "<group>";
		};
		C35C86931B45D71F00C07ABB /* Banner Template */ = {
			isa = PBXGroup;
			children = (
				C35C86941B45D71F00C07ABB /* MCEInAppBannerTemplate.h */,
				C35C86951B45D71F00C07ABB /* MCEInAppBannerTemplate.m */,
				C35C86961B45D71F00C07ABB /* MCEInAppBannerTemplate.xib */,
				C35C86971B45D71F00C07ABB /* Mini Images.xcassets */,
			);
			path = "Banner Template";
			sourceTree = "<group>";
		};
		C35F70711C654DE500070DB6 /* Post Template */ = {
			isa = PBXGroup;
			children = (
				C35F70721C654DE500070DB6 /* MCEInboxPostTemplate.h */,
				C35F70731C654DE500070DB6 /* MCEInboxPostTemplate.m */,
				C35F70741C654DE500070DB6 /* MCEInboxPostTemplateCell.h */,
				C35F70751C654DE500070DB6 /* MCEInboxPostTemplateCell.m */,
				C35F70761C654DE500070DB6 /* MCEInboxPostTemplateCell.xib */,
				C35F70771C654DE500070DB6 /* MCEInboxPostTemplateDisplay.h */,
				C35F70781C654DE500070DB6 /* MCEInboxPostTemplateDisplay.m */,
				C35F70791C654DE500070DB6 /* MCEInboxPostTemplateDisplay.xib */,
				C35F707A1C654DE500070DB6 /* MCEInboxPostTemplateImage.h */,
				C35F707B1C654DE500070DB6 /* MCEInboxPostTemplateImage.m */,
				C35F707C1C654DE500070DB6 /* MCEInboxPostTemplateImage.xib */,
				C35F707D1C654DE500070DB6 /* MCEInboxPostTemplateVideoPlayerView.h */,
				C35F707E1C654DE500070DB6 /* MCEInboxPostTemplateVideoPlayerView.m */,
				C35F707F1C654DE500070DB6 /* MCEInboxPostTemplateView.h */,
				C35F70801C654DE500070DB6 /* MCEInboxPostTemplateView.m */,
				C35F70811C654DE500070DB6 /* MCEInboxPostTemplateView.xib */,
				C35F70821C654DE500070DB6 /* Media.xcassets */,
			);
			path = "Post Template";
			sourceTree = "<group>";
		};
		C35FB4031A64670000CEF4DB /* Frameworks */ = {
			isa = PBXGroup;
			children = (
				C3D1C9661EF06EE60054B0A8 /* IBMMobilePush.framework */,
				C3E231C51FAA259F00DCD58D /* IBMMobilePushWatch.framework */,
				C3D1C9641EF06ED70054B0A8 /* IBMMobilePushNotificationService.framework */,
				C3462B461E92AD44000AAB41 /* SystemConfiguration.framework */,
				C3462B421E92AC35000AAB41 /* CoreBluetooth.framework */,
				C3942CC61D70B1DF0099BA1E /* CoreLocation.framework */,
				C3942CBC1D70AEB80099BA1E /* MapKit.framework */,
				C3AF23041D2C45D500A1D266 /* libsqlite3.0.tbd */,
				C3A80AD91BA3687300EE45ED /* CoreData.framework */,
				C3A80AD71BA3686E00EE45ED /* CoreTelephony.framework */,
			);
			name = Frameworks;
			sourceTree = "<group>";
		};
		C375B68F1C52AF300076E229 /* Image Template */ = {
			isa = PBXGroup;
			children = (
				C375B6A31C52B08D0076E229 /* MCEInAppImageTemplate.h */,
				C375B6A41C52B08D0076E229 /* MCEInAppImageTemplate.m */,
				C375B6A51C52B08D0076E229 /* MCEInAppImageTemplate.xib */,
				C375B6A61C52B08D0076E229 /* MCEInAppImageTemplateForeground.xib */,
			);
			path = "Image Template";
			sourceTree = "<group>";
		};
		C3B2A2981D245B4E00286475 /* SampleNotificationService */ = {
			isa = PBXGroup;
			children = (
				C3B2A2B21D2593A600286475 /* SampleNotificationService.entitlements */,
				C3B2A2991D245B4E00286475 /* NotificationService.h */,
				C3B2A29A1D245B4E00286475 /* NotificationService.m */,
				C3B2A29C1D245B4E00286475 /* Info.plist */,
			);
			path = SampleNotificationService;
			sourceTree = "<group>";
		};
		C3C399051B20DE740080DC49 /* Plugins */ = {
			isa = PBXGroup;
			children = (
				C336C10B1F3E08C900C33D40 /* Example Action Plugin */,
				C3CD8BDF1CDBA4CD00E4F441 /* Text Input Plugin */,
				C3C58E281C0F5CBC001F39D3 /* Web Action Plugin */,
				C32FC3FC1B449F620035CAB8 /* InApp */,
				C33571641B3B6461003E0A7A /* inbox */,
				C354C7BC1B39F41E0014F070 /* ActionMenu Plugin */,
				C354C7BD1B39F4310014F070 /* AddToCalendar Plugin */,
				C354C7BE1B39F4520014F070 /* AddToPassbook Plugin */,
				C354C7BF1B39F45E0014F070 /* SnoozeAction Plugin */,
			);
			name = Plugins;
			path = ../../plugins;
			sourceTree = "<group>";
		};
		C3C58E281C0F5CBC001F39D3 /* Web Action Plugin */ = {
			isa = PBXGroup;
			children = (
				C3C58E291C0F5CBC001F39D3 /* DisplayWebViewPlugin.h */,
				C3C58E2A1C0F5CBC001F39D3 /* DisplayWebViewPlugin.m */,
				C3C58E2B1C0F5CBC001F39D3 /* WebViewController.h */,
				C3C58E2C1C0F5CBC001F39D3 /* WebViewController.m */,
			);
			name = "Web Action Plugin";
			path = "web-action";
			sourceTree = "<group>";
		};
		C3CD8BDF1CDBA4CD00E4F441 /* Text Input Plugin */ = {
			isa = PBXGroup;
			children = (
				C3CD8BE01CDBA51D00E4F441 /* TextInputActionPlugin.h */,
				C3CD8BE11CDBA51D00E4F441 /* TextInputActionPlugin.m */,
			);
			name = "Text Input Plugin";
			path = "text-input-action";
			sourceTree = "<group>";
		};
		C3CF5BCA1C57ED4B0026ECC8 /* Video Template */ = {
			isa = PBXGroup;
			children = (
				C3CF5BCB1C57ED4B0026ECC8 /* MCEInAppVideoPlayerView.h */,
				C3CF5BCC1C57ED4B0026ECC8 /* MCEInAppVideoPlayerView.m */,
				C3CF5BCD1C57ED4B0026ECC8 /* MCEInAppVideoTemplate.h */,
				C3CF5BCE1C57ED4B0026ECC8 /* MCEInAppVideoTemplate.m */,
				C3CF5BCF1C57ED4B0026ECC8 /* MCEInAppVideoTemplate.xib */,
				C3CF5BD01C57ED4B0026ECC8 /* MCEInAppVideoTemplateForeground.xib */,
			);
			path = "Video Template";
			sourceTree = "<group>";
		};
		C3D01E521A607F7E00C9A66C = {
			isa = PBXGroup;
			children = (
				C39E6BBB1FBDE62600787DBB /* Manual SampleWatch Extension.entitlements */,
				C39E6BBA1FBDE5DD00787DBB /* Manual SampleWatch.entitlements */,
				C39E6BB91FBDE52B00787DBB /* Manual SampleNotificationService.entitlements */,
				C31827031B71257B00D497A2 /* richnotification.xcdatamodel */,
				C3C399051B20DE740080DC49 /* Plugins */,
				C3B2A2981D245B4E00286475 /* SampleNotificationService */,
				C3E2319D1FAA24CD00DCD58D /* watchkitapp */,
				C3E231AC1FAA24CD00DCD58D /* watchkitapp Extension */,
				C35FB4031A64670000CEF4DB /* Frameworks */,
				C3D01E5D1A607F7E00C9A66C /* Sample */,
				C3D01E5C1A607F7E00C9A66C /* Products */,
			);
			sourceTree = "<group>";
		};
		C3D01E5C1A607F7E00C9A66C /* Products */ = {
			isa = PBXGroup;
			children = (
				C3D01E5B1A607F7E00C9A66C /* Manual Sample.app */,
				C3B2A2971D245B4E00286475 /* Manual SampleNotificationService.appex */,
				C3E2319C1FAA24CC00DCD58D /* Manual SampleWatch.app */,
				C3E231A81FAA24CD00DCD58D /* Manual SampleWatch Extension.appex */,
			);
			name = Products;
			sourceTree = "<group>";
		};
		C3D01E5D1A607F7E00C9A66C /* Sample */ = {
			isa = PBXGroup;
			children = (
				C3E61CC31D1300A8006EC588 /* Sample.entitlements */,
				C35C1E7D1D70ABFB00BAB781 /* GeofenceVC.h */,
				C35C1E7E1D70ABFB00BAB781 /* GeofenceVC.m */,
				C36992EE1DD3CA7700EA178E /* iBeaconVC.h */,
				C36992EF1DD3CA7700EA178E /* iBeaconVC.m */,
				C3D01E621A607F7E00C9A66C /* AppDelegate.h */,
				C3D01E631A607F7F00C9A66C /* AppDelegate.m */,
				C3ED8B2B1BA8D9DF00B79D65 /* MainVC.h */,
				C3ED8B2C1BA8D9DF00B79D65 /* MainVC.m */,
				C32FC40F1B44A5590035CAB8 /* InAppVC.m */,
				C32FC4101B44A5590035CAB8 /* InAppVC.h */,
				C3CF5BD71C57EE430026ECC8 /* background.jpg */,
				C369816A1AA6241500F9448B /* MailDelegate.h */,
				C314BF9B1FAD211B00F363C6 /* MailDelegate.m */,
				C369816B1AA6241500F9448B /* AttributesController.h */,
				C3E4F14D1A8BC69B00844271 /* RegistrationVC.h */,
				C3E4F14E1A8BC69B00844271 /* RegistrationVC.m */,
				C3E4F1591A8BE19900844271 /* StaticCategoriesVC.h */,
				C3E4F15A1A8BE19900844271 /* StaticCategoriesVC.m */,
				C3E4F1561A8BE18900844271 /* EventsVC.h */,
				C3E4F1571A8BE18900844271 /* EventsVC.m */,
				C3E4F1531A8BE17700844271 /* AttributesVC.h */,
				C3E4F1541A8BE17700844271 /* AttributesVC.m */,
				C3E4F1501A8BE16600844271 /* PushActionsVC.h */,
				C3E4F1511A8BE16600844271 /* PushActionsVC.m */,
				C362D3871A8C68690095814E /* EditCell.h */,
				C362D3881A8C68690095814E /* EditCell.m */,
				C317F74E1B41FF1B00962B55 /* MceConfig.json */,
				C3D01E5E1A607F7E00C9A66C /* Supporting Files */,
				C384E38B1FB0D5CD00067294 /* NotificationDelegate.h */,
				C384E38C1FB0D5CD00067294 /* NotificationDelegate.m */,
			);
			path = Sample;
			sourceTree = "<group>";
		};
		C3D01E5E1A607F7E00C9A66C /* Supporting Files */ = {
			isa = PBXGroup;
			children = (
				C3D01E6D1A607F7F00C9A66C /* LaunchScreen.xib */,
				C3D01E6B1A607F7F00C9A66C /* Images.xcassets */,
				C3D01E681A607F7F00C9A66C /* Main.storyboard */,
				C3D01E5F1A607F7E00C9A66C /* Info.plist */,
				C3D01E601A607F7E00C9A66C /* main.m */,
			);
			name = "Supporting Files";
			sourceTree = "<group>";
		};
		C3DC928E1C5945BC0006CF55 /* Media Template */ = {
			isa = PBXGroup;
			children = (
				C3DC92991C59586B0006CF55 /* Assets.xcassets */,
				C3DC928B1C59457B0006CF55 /* MCEInAppMediaTemplate.h */,
				C3DC928C1C59457B0006CF55 /* MCEInAppMediaTemplate.m */,
			);
			name = "Media Template";
			sourceTree = "<group>";
		};
		C3E2319D1FAA24CD00DCD58D /* watchkitapp */ = {
			isa = PBXGroup;
			children = (
				C3E2319E1FAA24CD00DCD58D /* Interface.storyboard */,
				C3E231A11FAA24CD00DCD58D /* Assets.xcassets */,
				C3E231A31FAA24CD00DCD58D /* Info.plist */,
			);
			path = watchkitapp;
			sourceTree = "<group>";
		};
		C3E231AC1FAA24CD00DCD58D /* watchkitapp Extension */ = {
			isa = PBXGroup;
			children = (
				C3E231AD1FAA24CD00DCD58D /* InterfaceController.h */,
				C3E231AE1FAA24CD00DCD58D /* InterfaceController.m */,
				C3E231B01FAA24CD00DCD58D /* ExtensionDelegate.h */,
				C3E231B11FAA24CD00DCD58D /* ExtensionDelegate.m */,
				C3E231B31FAA24CD00DCD58D /* NotificationController.h */,
				C3E231B41FAA24CD00DCD58D /* NotificationController.m */,
				C3E231B61FAA24CD00DCD58D /* Assets.xcassets */,
				C3E231B81FAA24CD00DCD58D /* Info.plist */,
				C3E231B91FAA24CD00DCD58D /* PushNotificationPayload.apns */,
				C3E231CB1FAA2AD100DCD58D /* HandOffController.h */,
				C3E231CC1FAA2AD100DCD58D /* HandOffController.m */,
				C3E231D81FAA3A4D00DCD58D /* AttributesController.h */,
				C3E231DB1FAA3A4E00DCD58D /* AttributesController.m */,
				C3E231DC1FAA3A4E00DCD58D /* EventsController.h */,
				C3E231DD1FAA3A4E00DCD58D /* EventsController.m */,
				C3E231D91FAA3A4D00DCD58D /* RegistrationController.h */,
				C3E231DA1FAA3A4E00DCD58D /* RegistrationController.m */,
			);
			path = "watchkitapp Extension";
			sourceTree = "<group>";
		};
/* End PBXGroup section */

/* Begin PBXNativeTarget section */
		C3B2A2961D245B4E00286475 /* Manual SampleNotificationService */ = {
			isa = PBXNativeTarget;
			buildConfigurationList = C3B2A2A21D245B4E00286475 /* Build configuration list for PBXNativeTarget "Manual SampleNotificationService" */;
			buildPhases = (
				C3B2A2931D245B4E00286475 /* Sources */,
				C3B2A2941D245B4E00286475 /* Frameworks */,
				C3B2A2951D245B4E00286475 /* Resources */,
			);
			buildRules = (
			);
			dependencies = (
			);
			name = "Manual SampleNotificationService";
			productName = SampleNotificationService;
			productReference = C3B2A2971D245B4E00286475 /* Manual SampleNotificationService.appex */;
			productType = "com.apple.product-type.app-extension";
		};
		C3D01E5A1A607F7E00C9A66C /* Manual Sample */ = {
			isa = PBXNativeTarget;
			buildConfigurationList = C3D01E7E1A607F7F00C9A66C /* Build configuration list for PBXNativeTarget "Manual Sample" */;
			buildPhases = (
				C3D01E571A607F7E00C9A66C /* Sources */,
				C3D01E581A607F7E00C9A66C /* Frameworks */,
				C3D01E591A607F7E00C9A66C /* Resources */,
				C3B2A2A31D245B4E00286475 /* Embed App Extensions */,
				C3C471C81EEF27580047468C /* Embed Frameworks */,
				C3E231C41FAA24CD00DCD58D /* Embed Watch Content */,
			);
			buildRules = (
			);
			dependencies = (
				C3B2A29E1D245B4E00286475 /* PBXTargetDependency */,
				C3E231BB1FAA24CD00DCD58D /* PBXTargetDependency */,
			);
			name = "Manual Sample";
			productName = Silverpop;
			productReference = C3D01E5B1A607F7E00C9A66C /* Manual Sample.app */;
			productType = "com.apple.product-type.application";
		};
		C3E2319B1FAA24CC00DCD58D /* Manual SampleWatch */ = {
			isa = PBXNativeTarget;
			buildConfigurationList = C3E231C31FAA24CD00DCD58D /* Build configuration list for PBXNativeTarget "Manual SampleWatch" */;
			buildPhases = (
				C3E2319A1FAA24CC00DCD58D /* Resources */,
				C3E231C21FAA24CD00DCD58D /* Embed App Extensions */,
				C3E231C81FAA259F00DCD58D /* Frameworks */,
			);
			buildRules = (
			);
			dependencies = (
				C3E231AB1FAA24CD00DCD58D /* PBXTargetDependency */,
			);
			name = "Manual SampleWatch";
			productName = watchkitapp;
			productReference = C3E2319C1FAA24CC00DCD58D /* Manual SampleWatch.app */;
			productType = "com.apple.product-type.application.watchapp2";
		};
		C3E231A71FAA24CD00DCD58D /* Manual SampleWatch Extension */ = {
			isa = PBXNativeTarget;
			buildConfigurationList = C3E231C11FAA24CD00DCD58D /* Build configuration list for PBXNativeTarget "Manual SampleWatch Extension" */;
			buildPhases = (
				C3E231A41FAA24CD00DCD58D /* Sources */,
				C3E231A51FAA24CD00DCD58D /* Frameworks */,
				C3E231A61FAA24CD00DCD58D /* Resources */,
			);
			buildRules = (
			);
			dependencies = (
			);
			name = "Manual SampleWatch Extension";
			productName = "watchkitapp Extension";
			productReference = C3E231A81FAA24CD00DCD58D /* Manual SampleWatch Extension.appex */;
			productType = "com.apple.product-type.watchkit2-extension";
		};
/* End PBXNativeTarget section */

/* Begin PBXProject section */
		C3D01E531A607F7E00C9A66C /* Project object */ = {
			isa = PBXProject;
			attributes = {
				LastUpgradeCheck = 0700;
				ORGANIZATIONNAME = "IBM ExperienceOne Xtify";
				TargetAttributes = {
					C3B2A2961D245B4E00286475 = {
						CreatedOnToolsVersion = 8.0;
						ProvisioningStyle = Automatic;
						SystemCapabilities = {
							com.apple.ApplicationGroups.iOS = {
								enabled = 0;
							};
							com.apple.Keychain = {
								enabled = 0;
							};
							com.apple.Maps.iOS = {
								enabled = 0;
							};
							com.apple.Push = {
								enabled = 0;
							};
						};
					};
					C3D01E5A1A607F7E00C9A66C = {
						CreatedOnToolsVersion = 6.1.1;
						ProvisioningStyle = Automatic;
						SystemCapabilities = {
							com.apple.ApplicationGroups.iOS = {
								enabled = 0;
							};
							com.apple.BackgroundModes = {
								enabled = 1;
							};
							com.apple.DataProtection = {
								enabled = 1;
							};
							com.apple.Keychain = {
								enabled = 0;
							};
							com.apple.Maps.iOS = {
								enabled = 1;
							};
							com.apple.Push = {
								enabled = 1;
							};
						};
					};
					C3E2319B1FAA24CC00DCD58D = {
						CreatedOnToolsVersion = 9.1;
						ProvisioningStyle = Automatic;
						SystemCapabilities = {
							com.apple.ApplicationGroups.iOS = {
								enabled = 0;
							};
						};
					};
					C3E231A71FAA24CD00DCD58D = {
						CreatedOnToolsVersion = 9.1;
						ProvisioningStyle = Automatic;
						SystemCapabilities = {
							com.apple.ApplicationGroups.iOS = {
								enabled = 0;
							};
							com.apple.Push = {
								enabled = 0;
							};
							com.apple.iCloud = {
								enabled = 0;
							};
						};
					};
				};
			};
			buildConfigurationList = C3D01E561A607F7E00C9A66C /* Build configuration list for PBXProject "Manual Sample" */;
			compatibilityVersion = "Xcode 3.2";
			developmentRegion = English;
			hasScannedForEncodings = 0;
			knownRegions = (
				en,
				Base,
			);
			mainGroup = C3D01E521A607F7E00C9A66C;
			productRefGroup = C3D01E5C1A607F7E00C9A66C /* Products */;
			projectDirPath = "";
			projectRoot = "";
			targets = (
				C3D01E5A1A607F7E00C9A66C /* Manual Sample */,
				C3B2A2961D245B4E00286475 /* Manual SampleNotificationService */,
				C3E2319B1FAA24CC00DCD58D /* Manual SampleWatch */,
				C3E231A71FAA24CD00DCD58D /* Manual SampleWatch Extension */,
			);
		};
/* End PBXProject section */

/* Begin PBXResourcesBuildPhase section */
		C3B2A2951D245B4E00286475 /* Resources */ = {
			isa = PBXResourcesBuildPhase;
			buildActionMask = 2147483647;
			files = (
			);
			runOnlyForDeploymentPostprocessing = 0;
		};
		C3D01E591A607F7E00C9A66C /* Resources */ = {
			isa = PBXResourcesBuildPhase;
			buildActionMask = 2147483647;
			files = (
				C3D01E6A1A607F7F00C9A66C /* Main.storyboard in Resources */,
				C33571801B3B6461003E0A7A /* MCEInboxDefaultTemplateDisplay.xib in Resources */,
				C335717E1B3B6461003E0A7A /* MCEInboxDefaultTemplateCell.xib in Resources */,
				C375B6A91C52B08D0076E229 /* MCEInAppImageTemplateForeground.xib in Resources */,
				C35F70891C654DE500070DB6 /* MCEInboxPostTemplateImage.xib in Resources */,
				C35F70851C654DE500070DB6 /* MCEInboxPostTemplateCell.xib in Resources */,
				C3DC929A1C59586B0006CF55 /* Assets.xcassets in Resources */,
				C35F708C1C654DE500070DB6 /* MCEInboxPostTemplateView.xib in Resources */,
				C375B6A81C52B08D0076E229 /* MCEInAppImageTemplate.xib in Resources */,
				C3CF5BD81C57EE430026ECC8 /* background.jpg in Resources */,
				C35F708D1C654DE500070DB6 /* Media.xcassets in Resources */,
				C3D01E6F1A607F7F00C9A66C /* LaunchScreen.xib in Resources */,
				C302AE491D3FFC71007AFB66 /* SampleNotificationService.entitlements in Resources */,
				C35F70871C654DE500070DB6 /* MCEInboxPostTemplateDisplay.xib in Resources */,
				C3CF5BD31C57ED4B0026ECC8 /* MCEInAppVideoTemplate.xib in Resources */,
				C38178C51F3E430400ACDCFC /* ExampleViewController.xib in Resources */,
				C317F74F1B41FF1B00962B55 /* MceConfig.json in Resources */,
				C3DC7EA91B83ECB800BA1CDD /* Inbox Images.xcassets in Resources */,
				C3D01E6C1A607F7F00C9A66C /* Images.xcassets in Resources */,
				C35C86991B45D71F00C07ABB /* MCEInAppBannerTemplate.xib in Resources */,
				C35C869A1B45D71F00C07ABB /* Mini Images.xcassets in Resources */,
				C3CF5BD41C57ED4B0026ECC8 /* MCEInAppVideoTemplateForeground.xib in Resources */,
			);
			runOnlyForDeploymentPostprocessing = 0;
		};
		C3E2319A1FAA24CC00DCD58D /* Resources */ = {
			isa = PBXResourcesBuildPhase;
			buildActionMask = 2147483647;
			files = (
				C353D2091FAA815800E926AD /* MceConfig.json in Resources */,
				C3E231A21FAA24CD00DCD58D /* Assets.xcassets in Resources */,
				C3E231A01FAA24CD00DCD58D /* Interface.storyboard in Resources */,
			);
			runOnlyForDeploymentPostprocessing = 0;
		};
		C3E231A61FAA24CD00DCD58D /* Resources */ = {
			isa = PBXResourcesBuildPhase;
			buildActionMask = 2147483647;
			files = (
				C3E231B71FAA24CD00DCD58D /* Assets.xcassets in Resources */,
				C353D20A1FAA815800E926AD /* MceConfig.json in Resources */,
			);
			runOnlyForDeploymentPostprocessing = 0;
		};
/* End PBXResourcesBuildPhase section */

/* Begin PBXSourcesBuildPhase section */
		C3B2A2931D245B4E00286475 /* Sources */ = {
			isa = PBXSourcesBuildPhase;
			buildActionMask = 2147483647;
			files = (
				C31AAD5F1D25CA4000A8F6BD /* NotificationService.m in Sources */,
			);
			runOnlyForDeploymentPostprocessing = 0;
		};
		C3D01E571A607F7E00C9A66C /* Sources */ = {
			isa = PBXSourcesBuildPhase;
			buildActionMask = 2147483647;
			files = (
				C35F70861C654DE500070DB6 /* MCEInboxPostTemplateDisplay.m in Sources */,
				C335717F1B3B6461003E0A7A /* MCEInboxDefaultTemplateDisplay.m in Sources */,
				C335717C1B3B6461003E0A7A /* MCEInboxDefaultTemplate.m in Sources */,
				C3C399111B20DE8B0080DC49 /* AddToCalendarPlugin.m in Sources */,
				C3CF5BD11C57ED4B0026ECC8 /* MCEInAppVideoPlayerView.m in Sources */,
				C3C399081B20DE7C0080DC49 /* SnoozeActionPlugin.m in Sources */,
				C3E4F1521A8BE16600844271 /* PushActionsVC.m in Sources */,
				C35F708B1C654DE500070DB6 /* MCEInboxPostTemplateView.m in Sources */,
				C31827041B71257B00D497A2 /* richnotification.xcdatamodel in Sources */,
				C3C399141B20DE900080DC49 /* ActionMenuPlugin.m in Sources */,
				C3E4F14F1A8BC69B00844271 /* RegistrationVC.m in Sources */,
				C35F708A1C654DE500070DB6 /* MCEInboxPostTemplateVideoPlayerView.m in Sources */,
				C375B6A71C52B08D0076E229 /* MCEInAppImageTemplate.m in Sources */,
				C384E38D1FB0D5CD00067294 /* NotificationDelegate.m in Sources */,
				C3E4F1581A8BE18900844271 /* EventsVC.m in Sources */,
				C35F70881C654DE500070DB6 /* MCEInboxPostTemplateImage.m in Sources */,
				C3E4F1551A8BE17700844271 /* AttributesVC.m in Sources */,
				C35F70841C654DE500070DB6 /* MCEInboxPostTemplateCell.m in Sources */,
				C3D01E641A607F7F00C9A66C /* AppDelegate.m in Sources */,
				C3DC928D1C59457B0006CF55 /* MCEInAppMediaTemplate.m in Sources */,
				C35C86981B45D71F00C07ABB /* MCEInAppBannerTemplate.m in Sources */,
				C3CF5BD21C57ED4B0026ECC8 /* MCEInAppVideoTemplate.m in Sources */,
				C314BF9C1FAD211C00F363C6 /* MailDelegate.m in Sources */,
				C336C1101F3E08D800C33D40 /* ExamplePlugin.m in Sources */,
				C335717D1B3B6461003E0A7A /* MCEInboxDefaultTemplateCell.m in Sources */,
				C34E052B1B740D4500376671 /* MCEInboxTableViewController.m in Sources */,
				C3CD8BE21CDBA51D00E4F441 /* TextInputActionPlugin.m in Sources */,
				C3E4F15B1A8BE19900844271 /* StaticCategoriesVC.m in Sources */,
				C3C58E2D1C0F5CBC001F39D3 /* DisplayWebViewPlugin.m in Sources */,
				C35C1E7F1D70ABFB00BAB781 /* GeofenceVC.m in Sources */,
				C3C3990D1B20DE850080DC49 /* AddToPassbookClient.m in Sources */,
				C36992F01DD3CA7700EA178E /* iBeaconVC.m in Sources */,
				C362D38A1A8C68690095814E /* EditCell.m in Sources */,
				C35F70831C654DE500070DB6 /* MCEInboxPostTemplate.m in Sources */,
				C3C3990E1B20DE850080DC49 /* AddToPassbookPlugin.m in Sources */,
				C336C1111F3E08D800C33D40 /* ExampleViewController.m in Sources */,
				C33571811B3B6461003E0A7A /* MCEInboxActionPlugin.m in Sources */,
				C369816C1AA6241500F9448B /* AttributesController.h in Sources */,
				C3C58E2E1C0F5CBC001F39D3 /* WebViewController.m in Sources */,
				C3ED8B2D1BA8D9DF00B79D65 /* MainVC.m in Sources */,
				C32FC4111B44A5590035CAB8 /* InAppVC.m in Sources */,
				C3E345DB1C59244300C25A9E /* MCEAlternateInboxTableViewController.m in Sources */,
				C3D01E611A607F7E00C9A66C /* main.m in Sources */,
			);
			runOnlyForDeploymentPostprocessing = 0;
		};
		C3E231A41FAA24CD00DCD58D /* Sources */ = {
			isa = PBXSourcesBuildPhase;
			buildActionMask = 2147483647;
			files = (
				C3E231DF1FAA3A4E00DCD58D /* AttributesController.m in Sources */,
				C3E231CD1FAA2AD100DCD58D /* HandOffController.m in Sources */,
				C3E231B21FAA24CD00DCD58D /* ExtensionDelegate.m in Sources */,
				C3E231AF1FAA24CD00DCD58D /* InterfaceController.m in Sources */,
				C3E231B51FAA24CD00DCD58D /* NotificationController.m in Sources */,
				C3E231DE1FAA3A4E00DCD58D /* RegistrationController.m in Sources */,
				C3E231E01FAA3A4E00DCD58D /* EventsController.m in Sources */,
			);
			runOnlyForDeploymentPostprocessing = 0;
		};
/* End PBXSourcesBuildPhase section */

/* Begin PBXTargetDependency section */
		C3B2A29E1D245B4E00286475 /* PBXTargetDependency */ = {
			isa = PBXTargetDependency;
			target = C3B2A2961D245B4E00286475 /* Manual SampleNotificationService */;
			targetProxy = C3B2A29D1D245B4E00286475 /* PBXContainerItemProxy */;
		};
		C3E231AB1FAA24CD00DCD58D /* PBXTargetDependency */ = {
			isa = PBXTargetDependency;
			target = C3E231A71FAA24CD00DCD58D /* Manual SampleWatch Extension */;
			targetProxy = C3E231AA1FAA24CD00DCD58D /* PBXContainerItemProxy */;
		};
		C3E231BB1FAA24CD00DCD58D /* PBXTargetDependency */ = {
			isa = PBXTargetDependency;
			target = C3E2319B1FAA24CC00DCD58D /* Manual SampleWatch */;
			targetProxy = C3E231BA1FAA24CD00DCD58D /* PBXContainerItemProxy */;
		};
/* End PBXTargetDependency section */

/* Begin PBXVariantGroup section */
		C3D01E681A607F7F00C9A66C /* Main.storyboard */ = {
			isa = PBXVariantGroup;
			children = (
				C3D01E691A607F7F00C9A66C /* Base */,
			);
			name = Main.storyboard;
			sourceTree = "<group>";
		};
		C3D01E6D1A607F7F00C9A66C /* LaunchScreen.xib */ = {
			isa = PBXVariantGroup;
			children = (
				C3D01E6E1A607F7F00C9A66C /* Base */,
			);
			name = LaunchScreen.xib;
			sourceTree = "<group>";
		};
		C3E2319E1FAA24CD00DCD58D /* Interface.storyboard */ = {
			isa = PBXVariantGroup;
			children = (
				C3E2319F1FAA24CD00DCD58D /* Base */,
			);
			name = Interface.storyboard;
			sourceTree = "<group>";
		};
/* End PBXVariantGroup section */

/* Begin XCBuildConfiguration section */
		C3B2A2A01D245B4E00286475 /* Debug */ = {
			isa = XCBuildConfiguration;
			buildSettings = {
				CLANG_ANALYZER_NONNULL = YES;
				CLANG_WARN_DOCUMENTATION_COMMENTS = YES;
				CODE_SIGN_IDENTITY = "iPhone Developer";
				"CODE_SIGN_IDENTITY[sdk=iphoneos*]" = "iPhone Developer";
				CODE_SIGN_STYLE = Automatic;
				DEBUG_INFORMATION_FORMAT = dwarf;
				DEVELOPMENT_TEAM = "";
				ENABLE_BITCODE = YES;
				FRAMEWORK_SEARCH_PATHS = (
					"$(inherited)",
					"$(PROJECT_DIR)",
					"$(SRCROOT)/../..",
				);
				GCC_NO_COMMON_BLOCKS = YES;
				INFOPLIST_FILE = SampleNotificationService/Info.plist;
				IPHONEOS_DEPLOYMENT_TARGET = 10.0;
				LD_RUNPATH_SEARCH_PATHS = "$(inherited) @executable_path/Frameworks @executable_path/../../Frameworks";
				PRODUCT_BUNDLE_IDENTIFIER = INSERT.BUNDLE.ID.HERE.notification;
				PRODUCT_NAME = "$(TARGET_NAME)";
				PROVISIONING_PROFILE = "";
				PROVISIONING_PROFILE_SPECIFIER = "";
				SKIP_INSTALL = YES;
			};
			name = Debug;
		};
		C3B2A2A11D245B4E00286475 /* Release */ = {
			isa = XCBuildConfiguration;
			buildSettings = {
				CLANG_ANALYZER_NONNULL = YES;
				CLANG_WARN_DOCUMENTATION_COMMENTS = YES;
				CODE_SIGN_IDENTITY = "iPhone Distribution";
				"CODE_SIGN_IDENTITY[sdk=iphoneos*]" = "iPhone Developer";
				CODE_SIGN_STYLE = Automatic;
				COPY_PHASE_STRIP = NO;
				DEBUG_INFORMATION_FORMAT = "dwarf-with-dsym";
				DEVELOPMENT_TEAM = "";
				ENABLE_BITCODE = YES;
				FRAMEWORK_SEARCH_PATHS = (
					"$(inherited)",
					"$(PROJECT_DIR)",
					"$(SRCROOT)/../..",
				);
				GCC_NO_COMMON_BLOCKS = YES;
				INFOPLIST_FILE = SampleNotificationService/Info.plist;
				IPHONEOS_DEPLOYMENT_TARGET = 10.0;
				LD_RUNPATH_SEARCH_PATHS = "$(inherited) @executable_path/Frameworks @executable_path/../../Frameworks";
				PRODUCT_BUNDLE_IDENTIFIER = INSERT.BUNDLE.ID.HERE.notification;
				PRODUCT_NAME = "$(TARGET_NAME)";
				PROVISIONING_PROFILE = "";
				PROVISIONING_PROFILE_SPECIFIER = "";
				SKIP_INSTALL = YES;
			};
			name = Release;
		};
		C3D01E7C1A607F7F00C9A66C /* Debug */ = {
			isa = XCBuildConfiguration;
			buildSettings = {
				ALWAYS_SEARCH_USER_PATHS = NO;
				CLANG_CXX_LANGUAGE_STANDARD = "gnu++0x";
				CLANG_CXX_LIBRARY = "libc++";
				CLANG_ENABLE_MODULES = YES;
				CLANG_ENABLE_OBJC_ARC = YES;
				CLANG_WARN_BOOL_CONVERSION = YES;
				CLANG_WARN_CONSTANT_CONVERSION = YES;
				CLANG_WARN_DIRECT_OBJC_ISA_USAGE = YES_ERROR;
				CLANG_WARN_EMPTY_BODY = YES;
				CLANG_WARN_ENUM_CONVERSION = YES;
				CLANG_WARN_INT_CONVERSION = YES;
				CLANG_WARN_OBJC_ROOT_CLASS = YES_ERROR;
				CLANG_WARN_UNREACHABLE_CODE = YES;
				CLANG_WARN__DUPLICATE_METHOD_MATCH = YES;
				"CODE_SIGN_IDENTITY[sdk=iphoneos*]" = "iPhone Developer";
				COPY_PHASE_STRIP = NO;
				ENABLE_STRICT_OBJC_MSGSEND = YES;
				ENABLE_TESTABILITY = YES;
				GCC_C_LANGUAGE_STANDARD = gnu99;
				GCC_DYNAMIC_NO_PIC = NO;
				GCC_OPTIMIZATION_LEVEL = 0;
				GCC_PREPROCESSOR_DEFINITIONS = (
					"DEBUG=1",
					"$(inherited)",
				);
				GCC_SYMBOLS_PRIVATE_EXTERN = NO;
				GCC_WARN_64_TO_32_BIT_CONVERSION = YES;
				GCC_WARN_ABOUT_RETURN_TYPE = YES_ERROR;
				GCC_WARN_UNDECLARED_SELECTOR = YES;
				GCC_WARN_UNINITIALIZED_AUTOS = YES_AGGRESSIVE;
				GCC_WARN_UNUSED_FUNCTION = YES;
				GCC_WARN_UNUSED_VARIABLE = YES;
				IPHONEOS_DEPLOYMENT_TARGET = 8.1;
				MTL_ENABLE_DEBUG_INFO = YES;
				ONLY_ACTIVE_ARCH = YES;
				SDKROOT = iphoneos;
				TARGETED_DEVICE_FAMILY = "1,2";
			};
			name = Debug;
		};
		C3D01E7D1A607F7F00C9A66C /* Release */ = {
			isa = XCBuildConfiguration;
			buildSettings = {
				ALWAYS_SEARCH_USER_PATHS = NO;
				CLANG_CXX_LANGUAGE_STANDARD = "gnu++0x";
				CLANG_CXX_LIBRARY = "libc++";
				CLANG_ENABLE_MODULES = YES;
				CLANG_ENABLE_OBJC_ARC = YES;
				CLANG_WARN_BOOL_CONVERSION = YES;
				CLANG_WARN_CONSTANT_CONVERSION = YES;
				CLANG_WARN_DIRECT_OBJC_ISA_USAGE = YES_ERROR;
				CLANG_WARN_EMPTY_BODY = YES;
				CLANG_WARN_ENUM_CONVERSION = YES;
				CLANG_WARN_INT_CONVERSION = YES;
				CLANG_WARN_OBJC_ROOT_CLASS = YES_ERROR;
				CLANG_WARN_UNREACHABLE_CODE = YES;
				CLANG_WARN__DUPLICATE_METHOD_MATCH = YES;
				"CODE_SIGN_IDENTITY[sdk=iphoneos*]" = "iPhone Developer";
				COPY_PHASE_STRIP = YES;
				ENABLE_NS_ASSERTIONS = NO;
				ENABLE_STRICT_OBJC_MSGSEND = YES;
				GCC_C_LANGUAGE_STANDARD = gnu99;
				GCC_WARN_64_TO_32_BIT_CONVERSION = YES;
				GCC_WARN_ABOUT_RETURN_TYPE = YES_ERROR;
				GCC_WARN_UNDECLARED_SELECTOR = YES;
				GCC_WARN_UNINITIALIZED_AUTOS = YES_AGGRESSIVE;
				GCC_WARN_UNUSED_FUNCTION = YES;
				GCC_WARN_UNUSED_VARIABLE = YES;
				IPHONEOS_DEPLOYMENT_TARGET = 8.1;
				MTL_ENABLE_DEBUG_INFO = NO;
				SDKROOT = iphoneos;
				TARGETED_DEVICE_FAMILY = "1,2";
				VALIDATE_PRODUCT = YES;
			};
			name = Release;
		};
		C3D01E7F1A607F7F00C9A66C /* Debug */ = {
			isa = XCBuildConfiguration;
			buildSettings = {
				ASSETCATALOG_COMPILER_APPICON_NAME = AppIcon;
				ASSETCATALOG_COMPILER_LAUNCHIMAGE_NAME = LaunchImage;
				CODE_SIGN_ENTITLEMENTS = Sample.entitlements;
				CODE_SIGN_IDENTITY = "iPhone Developer";
				"CODE_SIGN_IDENTITY[sdk=iphoneos*]" = "iPhone Developer";
				CODE_SIGN_STYLE = Automatic;
				DEVELOPMENT_TEAM = "";
				ENABLE_BITCODE = YES;
				FRAMEWORK_SEARCH_PATHS = (
					"$(inherited)",
					"$(PROJECT_DIR)",
					"$(SRCROOT)/../..",
					"$(PROJECT_DIR)/Sample",
				);
				INFOPLIST_FILE = "$(SRCROOT)/Sample/Info.plist";
				IPHONEOS_DEPLOYMENT_TARGET = 8.0;
				LD_RUNPATH_SEARCH_PATHS = "$(inherited) @executable_path/Frameworks";
				LIBRARY_SEARCH_PATHS = (
					"$(inherited)",
					"$(PROJECT_DIR)",
				);
				OTHER_LDFLAGS = (
					"-ObjC",
					"-lstdc++",
				);
				PRODUCT_BUNDLE_IDENTIFIER = INSERT.BUNDLE.ID.HERE;
				PRODUCT_NAME = "Manual Sample";
				PROVISIONING_PROFILE = "";
				PROVISIONING_PROFILE_SPECIFIER = "";
			};
			name = Debug;
		};
		C3D01E801A607F7F00C9A66C /* Release */ = {
			isa = XCBuildConfiguration;
			buildSettings = {
				ASSETCATALOG_COMPILER_APPICON_NAME = AppIcon;
				ASSETCATALOG_COMPILER_LAUNCHIMAGE_NAME = LaunchImage;
				CODE_SIGN_ENTITLEMENTS = Sample.entitlements;
				CODE_SIGN_IDENTITY = "iPhone Distribution";
				"CODE_SIGN_IDENTITY[sdk=iphoneos*]" = "iPhone Developer";
				CODE_SIGN_STYLE = Automatic;
				DEVELOPMENT_TEAM = "";
				ENABLE_BITCODE = YES;
				FRAMEWORK_SEARCH_PATHS = (
					"$(inherited)",
					"$(PROJECT_DIR)",
					"$(SRCROOT)/../..",
					"$(PROJECT_DIR)/Sample",
				);
				INFOPLIST_FILE = "$(SRCROOT)/Sample/Info.plist";
				IPHONEOS_DEPLOYMENT_TARGET = 8.0;
				LD_RUNPATH_SEARCH_PATHS = "$(inherited) @executable_path/Frameworks";
				LIBRARY_SEARCH_PATHS = (
					"$(inherited)",
					"$(PROJECT_DIR)",
				);
				OTHER_LDFLAGS = (
					"-ObjC",
					"-lstdc++",
				);
				PRODUCT_BUNDLE_IDENTIFIER = INSERT.BUNDLE.ID.HERE;
				PRODUCT_NAME = "Manual Sample";
				PROVISIONING_PROFILE = "";
				PROVISIONING_PROFILE_SPECIFIER = "";
			};
			name = Release;
		};
		C3E231BD1FAA24CD00DCD58D /* Debug */ = {
			isa = XCBuildConfiguration;
			buildSettings = {
				ASSETCATALOG_COMPILER_APPICON_NAME = AppIcon;
				CLANG_ANALYZER_NONNULL = YES;
				CLANG_ANALYZER_NUMBER_OBJECT_CONVERSION = YES_AGGRESSIVE;
				CLANG_CXX_LANGUAGE_STANDARD = "gnu++14";
				CLANG_WARN_BLOCK_CAPTURE_AUTORELEASING = YES;
				CLANG_WARN_COMMA = YES;
				CLANG_WARN_DOCUMENTATION_COMMENTS = YES;
				CLANG_WARN_INFINITE_RECURSION = YES;
				CLANG_WARN_NON_LITERAL_NULL_CONVERSION = YES;
				CLANG_WARN_OBJC_LITERAL_CONVERSION = YES;
				CLANG_WARN_RANGE_LOOP_ANALYSIS = YES;
				CLANG_WARN_STRICT_PROTOTYPES = YES;
				CLANG_WARN_SUSPICIOUS_MOVE = YES;
				CLANG_WARN_UNGUARDED_AVAILABILITY = YES_AGGRESSIVE;
				CODE_SIGN_IDENTITY = "iPhone Developer";
				"CODE_SIGN_IDENTITY[sdk=iphoneos*]" = "iPhone Developer";
				"CODE_SIGN_IDENTITY[sdk=watchos*]" = "iPhone Developer";
				CODE_SIGN_STYLE = Automatic;
				DEBUG_INFORMATION_FORMAT = dwarf;
				DEVELOPMENT_TEAM = "";
				FRAMEWORK_SEARCH_PATHS = (
					"$(inherited)",
					"$(PROJECT_DIR)",
				);
				GCC_C_LANGUAGE_STANDARD = gnu11;
				GCC_NO_COMMON_BLOCKS = YES;
				IBSC_MODULE = watchkitapp_Extension;
				INFOPLIST_FILE = watchkitapp/Info.plist;
				LD_RUNPATH_SEARCH_PATHS = "$(inherited) @executable_path/Frameworks";
				PRODUCT_BUNDLE_IDENTIFIER = INSERT.BUNDLE.ID.HERE.watchkitapp;
				PRODUCT_NAME = "$(TARGET_NAME)";
				PROVISIONING_PROFILE = "";
				PROVISIONING_PROFILE_SPECIFIER = "";
				SDKROOT = watchos;
				SKIP_INSTALL = YES;
				TARGETED_DEVICE_FAMILY = 4;
				WATCHOS_DEPLOYMENT_TARGET = 4.1;
			};
			name = Debug;
		};
		C3E231BE1FAA24CD00DCD58D /* Release */ = {
			isa = XCBuildConfiguration;
			buildSettings = {
				ASSETCATALOG_COMPILER_APPICON_NAME = AppIcon;
				CLANG_ANALYZER_NONNULL = YES;
				CLANG_ANALYZER_NUMBER_OBJECT_CONVERSION = YES_AGGRESSIVE;
				CLANG_CXX_LANGUAGE_STANDARD = "gnu++14";
				CLANG_WARN_BLOCK_CAPTURE_AUTORELEASING = YES;
				CLANG_WARN_COMMA = YES;
				CLANG_WARN_DOCUMENTATION_COMMENTS = YES;
				CLANG_WARN_INFINITE_RECURSION = YES;
				CLANG_WARN_NON_LITERAL_NULL_CONVERSION = YES;
				CLANG_WARN_OBJC_LITERAL_CONVERSION = YES;
				CLANG_WARN_RANGE_LOOP_ANALYSIS = YES;
				CLANG_WARN_STRICT_PROTOTYPES = YES;
				CLANG_WARN_SUSPICIOUS_MOVE = YES;
				CLANG_WARN_UNGUARDED_AVAILABILITY = YES_AGGRESSIVE;
				CODE_SIGN_IDENTITY = "iPhone Distribution";
				"CODE_SIGN_IDENTITY[sdk=iphoneos*]" = "iPhone Developer";
				"CODE_SIGN_IDENTITY[sdk=watchos*]" = "iPhone Developer";
				CODE_SIGN_STYLE = Automatic;
				COPY_PHASE_STRIP = NO;
				DEBUG_INFORMATION_FORMAT = "dwarf-with-dsym";
				DEVELOPMENT_TEAM = "";
				FRAMEWORK_SEARCH_PATHS = (
					"$(inherited)",
					"$(PROJECT_DIR)",
				);
				GCC_C_LANGUAGE_STANDARD = gnu11;
				GCC_NO_COMMON_BLOCKS = YES;
				IBSC_MODULE = watchkitapp_Extension;
				INFOPLIST_FILE = watchkitapp/Info.plist;
				LD_RUNPATH_SEARCH_PATHS = "$(inherited) @executable_path/Frameworks";
				PRODUCT_BUNDLE_IDENTIFIER = INSERT.BUNDLE.ID.HERE.watchkitapp;
				PRODUCT_NAME = "$(TARGET_NAME)";
				PROVISIONING_PROFILE = "";
				PROVISIONING_PROFILE_SPECIFIER = "";
				SDKROOT = watchos;
				SKIP_INSTALL = YES;
				TARGETED_DEVICE_FAMILY = 4;
				WATCHOS_DEPLOYMENT_TARGET = 4.1;
			};
			name = Release;
		};
		C3E231BF1FAA24CD00DCD58D /* Debug */ = {
			isa = XCBuildConfiguration;
			buildSettings = {
				ASSETCATALOG_COMPILER_COMPLICATION_NAME = Complication;
				CLANG_ANALYZER_NONNULL = YES;
				CLANG_ANALYZER_NUMBER_OBJECT_CONVERSION = YES_AGGRESSIVE;
				CLANG_CXX_LANGUAGE_STANDARD = "gnu++14";
				CLANG_WARN_BLOCK_CAPTURE_AUTORELEASING = YES;
				CLANG_WARN_COMMA = YES;
				CLANG_WARN_DOCUMENTATION_COMMENTS = YES;
				CLANG_WARN_INFINITE_RECURSION = YES;
				CLANG_WARN_NON_LITERAL_NULL_CONVERSION = YES;
				CLANG_WARN_OBJC_LITERAL_CONVERSION = YES;
				CLANG_WARN_RANGE_LOOP_ANALYSIS = YES;
				CLANG_WARN_STRICT_PROTOTYPES = YES;
				CLANG_WARN_SUSPICIOUS_MOVE = YES;
				CLANG_WARN_UNGUARDED_AVAILABILITY = YES_AGGRESSIVE;
				"CODE_SIGN_IDENTITY[sdk=watchos*]" = "iPhone Developer";
				CODE_SIGN_STYLE = Automatic;
				DEBUG_INFORMATION_FORMAT = dwarf;
				DEVELOPMENT_TEAM = "";
				FRAMEWORK_SEARCH_PATHS = "$(SRCROOT)/../..";
				GCC_C_LANGUAGE_STANDARD = gnu11;
				GCC_NO_COMMON_BLOCKS = YES;
				INFOPLIST_FILE = "watchkitapp Extension/Info.plist";
				LD_RUNPATH_SEARCH_PATHS = "$(inherited) @executable_path/Frameworks @executable_path/../../Frameworks";
				OTHER_LDFLAGS = "-ObjC";
				PRODUCT_BUNDLE_IDENTIFIER = INSERT.BUNDLE.ID.HERE.watchkitapp.watchkitextension;
				PRODUCT_NAME = "${TARGET_NAME}";
				PROVISIONING_PROFILE = "";
				PROVISIONING_PROFILE_SPECIFIER = "";
				SDKROOT = watchos;
				SKIP_INSTALL = YES;
				TARGETED_DEVICE_FAMILY = 4;
				WATCHOS_DEPLOYMENT_TARGET = 4.1;
			};
			name = Debug;
		};
		C3E231C01FAA24CD00DCD58D /* Release */ = {
			isa = XCBuildConfiguration;
			buildSettings = {
				ASSETCATALOG_COMPILER_COMPLICATION_NAME = Complication;
				CLANG_ANALYZER_NONNULL = YES;
				CLANG_ANALYZER_NUMBER_OBJECT_CONVERSION = YES_AGGRESSIVE;
				CLANG_CXX_LANGUAGE_STANDARD = "gnu++14";
				CLANG_WARN_BLOCK_CAPTURE_AUTORELEASING = YES;
				CLANG_WARN_COMMA = YES;
				CLANG_WARN_DOCUMENTATION_COMMENTS = YES;
				CLANG_WARN_INFINITE_RECURSION = YES;
				CLANG_WARN_NON_LITERAL_NULL_CONVERSION = YES;
				CLANG_WARN_OBJC_LITERAL_CONVERSION = YES;
				CLANG_WARN_RANGE_LOOP_ANALYSIS = YES;
				CLANG_WARN_STRICT_PROTOTYPES = YES;
				CLANG_WARN_SUSPICIOUS_MOVE = YES;
				CLANG_WARN_UNGUARDED_AVAILABILITY = YES_AGGRESSIVE;
				"CODE_SIGN_IDENTITY[sdk=watchos*]" = "iPhone Developer";
				CODE_SIGN_STYLE = Automatic;
				COPY_PHASE_STRIP = NO;
				DEBUG_INFORMATION_FORMAT = "dwarf-with-dsym";
				DEVELOPMENT_TEAM = "";
				FRAMEWORK_SEARCH_PATHS = "$(SRCROOT)/../..";
				GCC_C_LANGUAGE_STANDARD = gnu11;
				GCC_NO_COMMON_BLOCKS = YES;
				INFOPLIST_FILE = "watchkitapp Extension/Info.plist";
				LD_RUNPATH_SEARCH_PATHS = "$(inherited) @executable_path/Frameworks @executable_path/../../Frameworks";
				OTHER_LDFLAGS = "-ObjC";
				PRODUCT_BUNDLE_IDENTIFIER = INSERT.BUNDLE.ID.HERE.watchkitapp.watchkitextension;
				PRODUCT_NAME = "${TARGET_NAME}";
				PROVISIONING_PROFILE = "";
				PROVISIONING_PROFILE_SPECIFIER = "";
				SDKROOT = watchos;
				SKIP_INSTALL = YES;
				TARGETED_DEVICE_FAMILY = 4;
				WATCHOS_DEPLOYMENT_TARGET = 4.1;
			};
			name = Release;
		};
/* End XCBuildConfiguration section */

/* Begin XCConfigurationList section */
		C3B2A2A21D245B4E00286475 /* Build configuration list for PBXNativeTarget "Manual SampleNotificationService" */ = {
			isa = XCConfigurationList;
			buildConfigurations = (
				C3B2A2A01D245B4E00286475 /* Debug */,
				C3B2A2A11D245B4E00286475 /* Release */,
			);
			defaultConfigurationIsVisible = 0;
			defaultConfigurationName = Release;
		};
		C3D01E561A607F7E00C9A66C /* Build configuration list for PBXProject "Manual Sample" */ = {
			isa = XCConfigurationList;
			buildConfigurations = (
				C3D01E7C1A607F7F00C9A66C /* Debug */,
				C3D01E7D1A607F7F00C9A66C /* Release */,
			);
			defaultConfigurationIsVisible = 0;
			defaultConfigurationName = Release;
		};
		C3D01E7E1A607F7F00C9A66C /* Build configuration list for PBXNativeTarget "Manual Sample" */ = {
			isa = XCConfigurationList;
			buildConfigurations = (
				C3D01E7F1A607F7F00C9A66C /* Debug */,
				C3D01E801A607F7F00C9A66C /* Release */,
			);
			defaultConfigurationIsVisible = 0;
			defaultConfigurationName = Release;
		};
		C3E231C11FAA24CD00DCD58D /* Build configuration list for PBXNativeTarget "Manual SampleWatch Extension" */ = {
			isa = XCConfigurationList;
			buildConfigurations = (
				C3E231BF1FAA24CD00DCD58D /* Debug */,
				C3E231C01FAA24CD00DCD58D /* Release */,
			);
			defaultConfigurationIsVisible = 0;
			defaultConfigurationName = Release;
		};
		C3E231C31FAA24CD00DCD58D /* Build configuration list for PBXNativeTarget "Manual SampleWatch" */ = {
			isa = XCConfigurationList;
			buildConfigurations = (
				C3E231BD1FAA24CD00DCD58D /* Debug */,
				C3E231BE1FAA24CD00DCD58D /* Release */,
			);
			defaultConfigurationIsVisible = 0;
			defaultConfigurationName = Release;
		};
/* End XCConfigurationList section */
	};
	rootObject = C3D01E531A607F7E00C9A66C /* Project object */;
}
